// !$*UTF8*$!
{
	archiveVersion = 1;
	classes = {
	};
	objectVersion = 46;
	objects = {

/* Begin PBXBuildFile section */
		0A5AFAD925F0B5320003669C /* CIStardustNode.cpp in Sources */ = {isa = PBXBuildFile; fileRef = 0A5AFAD625F0B5320003669C /* CIStardustNode.cpp */; };
		0A5AFADA25F0B5320003669C /* CIStardustNode.cpp in Sources */ = {isa = PBXBuildFile; fileRef = 0A5AFAD625F0B5320003669C /* CIStardustNode.cpp */; };
		0A5AFADB25F0B5320003669C /* CIStardustNode.cpp in Sources */ = {isa = PBXBuildFile; fileRef = 0A5AFAD625F0B5320003669C /* CIStardustNode.cpp */; };
		0A5AFADC25F0B5320003669C /* CIStardustQueue.cpp in Sources */ = {isa = PBXBuildFile; fileRef = 0A5AFAD825F0B5320003669C /* CIStardustQueue.cpp */; };
		0A5AFADD25F0B5320003669C /* CIStardustQueue.cpp in Sources */ = {isa = PBXBuildFile; fileRef = 0A5AFAD825F0B5320003669C /* CIStardustQueue.cpp */; };
		0A5AFADE25F0B5320003669C /* CIStardustQueue.cpp in Sources */ = {isa = PBXBuildFile; fileRef = 0A5AFAD825F0B5320003669C /* CIStardustQueue.cpp */; };
		0A7E0811263BA578001540FB /* CITutorialScene.cpp in Sources */ = {isa = PBXBuildFile; fileRef = 0A7E0810263BA578001540FB /* CITutorialScene.cpp */; };
		0A7E0812263BA578001540FB /* CITutorialScene.cpp in Sources */ = {isa = PBXBuildFile; fileRef = 0A7E0810263BA578001540FB /* CITutorialScene.cpp */; };
		0A7E0813263BA578001540FB /* CITutorialScene.cpp in Sources */ = {isa = PBXBuildFile; fileRef = 0A7E0810263BA578001540FB /* CITutorialScene.cpp */; };
		0A7E0814263BA579001540FB /* CITutorialScene.cpp in Sources */ = {isa = PBXBuildFile; fileRef = 0A7E0810263BA578001540FB /* CITutorialScene.cpp */; };
		3D563B9D25F0AF01006641B1 /* CIPlanetModel.cpp in Sources */ = {isa = PBXBuildFile; fileRef = 3D563B9C25F0AF01006641B1 /* CIPlanetModel.cpp */; };
		3D563B9E25F0AF01006641B1 /* CIPlanetModel.cpp in Sources */ = {isa = PBXBuildFile; fileRef = 3D563B9C25F0AF01006641B1 /* CIPlanetModel.cpp */; };
		3D563B9F25F0AF01006641B1 /* CIPlanetModel.cpp in Sources */ = {isa = PBXBuildFile; fileRef = 3D563B9C25F0AF01006641B1 /* CIPlanetModel.cpp */; };
		3D563BF825F6D5B7006641B1 /* CIPlanetNode.cpp in Sources */ = {isa = PBXBuildFile; fileRef = 3D563BF725F6D5B7006641B1 /* CIPlanetNode.cpp */; };
		3D563BF925F6D5B7006641B1 /* CIPlanetNode.cpp in Sources */ = {isa = PBXBuildFile; fileRef = 3D563BF725F6D5B7006641B1 /* CIPlanetNode.cpp */; };
		3D94040725FFC52400043357 /* CIGameUpdateManager.cpp in Sources */ = {isa = PBXBuildFile; fileRef = 3D94040625FFC52400043357 /* CIGameUpdateManager.cpp */; };
		3D94040825FFC52400043357 /* CIGameUpdateManager.cpp in Sources */ = {isa = PBXBuildFile; fileRef = 3D94040625FFC52400043357 /* CIGameUpdateManager.cpp */; };
		3D94040925FFC52400043357 /* CIGameUpdateManager.cpp in Sources */ = {isa = PBXBuildFile; fileRef = 3D94040625FFC52400043357 /* CIGameUpdateManager.cpp */; };
		3DA35B1C262B56A500A578DF /* CIWinScene.cpp in Sources */ = {isa = PBXBuildFile; fileRef = 3DA35B1B262B56A500A578DF /* CIWinScene.cpp */; };
		3DA35B1D262B56A500A578DF /* CIWinScene.cpp in Sources */ = {isa = PBXBuildFile; fileRef = 3DA35B1B262B56A500A578DF /* CIWinScene.cpp */; };
		3DA35B1E262B56A500A578DF /* CIWinScene.cpp in Sources */ = {isa = PBXBuildFile; fileRef = 3DA35B1B262B56A500A578DF /* CIWinScene.cpp */; };
		3DA35B6A262E6C1300A578DF /* CIPlanetProgressNode.cpp in Sources */ = {isa = PBXBuildFile; fileRef = 3DA35B69262E6C1300A578DF /* CIPlanetProgressNode.cpp */; };
		3DA35B6B262E6C1300A578DF /* CIPlanetProgressNode.cpp in Sources */ = {isa = PBXBuildFile; fileRef = 3DA35B69262E6C1300A578DF /* CIPlanetProgressNode.cpp */; };
		3DA35B6C262E6C1300A578DF /* CIPlanetProgressNode.cpp in Sources */ = {isa = PBXBuildFile; fileRef = 3DA35B69262E6C1300A578DF /* CIPlanetProgressNode.cpp */; };
		3DCE833825FDC3B8007EBA2D /* CIGameUpdate.cpp in Sources */ = {isa = PBXBuildFile; fileRef = 3DCE833725FDC3B8007EBA2D /* CIGameUpdate.cpp */; };
		3DCE833925FDC3B8007EBA2D /* CIGameUpdate.cpp in Sources */ = {isa = PBXBuildFile; fileRef = 3DCE833725FDC3B8007EBA2D /* CIGameUpdate.cpp */; };
		3DCE833A25FDC3B8007EBA2D /* CIGameUpdate.cpp in Sources */ = {isa = PBXBuildFile; fileRef = 3DCE833725FDC3B8007EBA2D /* CIGameUpdate.cpp */; };
		3DCF910A2606538200B97FA1 /* CINetworkMessageManager.cpp in Sources */ = {isa = PBXBuildFile; fileRef = 3DCF90D626051C9A00B97FA1 /* CINetworkMessageManager.cpp */; };
		3DCF910B2606538300B97FA1 /* CINetworkMessageManager.cpp in Sources */ = {isa = PBXBuildFile; fileRef = 3DCF90D626051C9A00B97FA1 /* CINetworkMessageManager.cpp */; };
		3DCF910C2606538300B97FA1 /* CINetworkMessageManager.cpp in Sources */ = {isa = PBXBuildFile; fileRef = 3DCF90D626051C9A00B97FA1 /* CINetworkMessageManager.cpp */; };
		3DCF911E2607B5B600B97FA1 /* CINetworkUtils.cpp in Sources */ = {isa = PBXBuildFile; fileRef = 3DCF911D2607B5B600B97FA1 /* CINetworkUtils.cpp */; };
		3DCF911F2607B5B600B97FA1 /* CINetworkUtils.cpp in Sources */ = {isa = PBXBuildFile; fileRef = 3DCF911D2607B5B600B97FA1 /* CINetworkUtils.cpp */; };
		3DCF91202607B5B600B97FA1 /* CINetworkUtils.cpp in Sources */ = {isa = PBXBuildFile; fileRef = 3DCF911D2607B5B600B97FA1 /* CINetworkUtils.cpp */; };
		3DD6946A26311CD300ABF60F /* CIApp.cpp in Sources */ = {isa = PBXBuildFile; fileRef = EBFA528421FA5AAB00CCC2C5 /* CIApp.cpp */; };
		3DD6946B26311CD300ABF60F /* CIMainMenu.cpp in Sources */ = {isa = PBXBuildFile; fileRef = CA525023261FEDBF00854B7B /* CIMainMenu.cpp */; };
		3DD6946C26311CD300ABF60F /* CIOpponentNode.cpp in Sources */ = {isa = PBXBuildFile; fileRef = CA5B0F432617F05200859BEF /* CIOpponentNode.cpp */; };
		3DD6946D26311CD300ABF60F /* main.cpp in Sources */ = {isa = PBXBuildFile; fileRef = EB2BE9B41D74952A002FE78B /* main.cpp */; };
		3DD6946E26311CD300ABF60F /* CIGameUpdateManager.cpp in Sources */ = {isa = PBXBuildFile; fileRef = 3D94040625FFC52400043357 /* CIGameUpdateManager.cpp */; };
		3DD6946F26311CD300ABF60F /* CILobbyMenu.cpp in Sources */ = {isa = PBXBuildFile; fileRef = CA525024261FEDBF00854B7B /* CILobbyMenu.cpp */; };
		3DD6947026311CD300ABF60F /* CIPlanetModel.cpp in Sources */ = {isa = PBXBuildFile; fileRef = 3D563B9C25F0AF01006641B1 /* CIPlanetModel.cpp */; };
		3DD6947126311CD300ABF60F /* CIStardustModel.cpp in Sources */ = {isa = PBXBuildFile; fileRef = CA9A2DCC25EDBD6A0048D02F /* CIStardustModel.cpp */; };
		3DD6947226311CD300ABF60F /* CIInputController.cpp in Sources */ = {isa = PBXBuildFile; fileRef = EBFA528B21FA5AAC00CCC2C5 /* CIInputController.cpp */; };
		3DD6947426311CD300ABF60F /* CINetworkMessageManager.cpp in Sources */ = {isa = PBXBuildFile; fileRef = 3DCF90D626051C9A00B97FA1 /* CINetworkMessageManager.cpp */; };
		3DD6947526311CD300ABF60F /* CICollisionController.cpp in Sources */ = {isa = PBXBuildFile; fileRef = CA68E30625F53BC200B4617D /* CICollisionController.cpp */; };
		3DD6947626311CD300ABF60F /* CIOpponentPlanet.cpp in Sources */ = {isa = PBXBuildFile; fileRef = CA80926026123A8300599B99 /* CIOpponentPlanet.cpp */; };
		3DD6947726311CD300ABF60F /* CIGameUpdate.cpp in Sources */ = {isa = PBXBuildFile; fileRef = 3DCE833725FDC3B8007EBA2D /* CIGameUpdate.cpp */; };
		3DD6947826311CD300ABF60F /* CIStardustNode.cpp in Sources */ = {isa = PBXBuildFile; fileRef = 0A5AFAD625F0B5320003669C /* CIStardustNode.cpp */; };
		3DD6947926311CD300ABF60F /* CISettingsMenu.cpp in Sources */ = {isa = PBXBuildFile; fileRef = 42B54D5B261B8C110097D816 /* CISettingsMenu.cpp */; };
		3DD6947A26311CD300ABF60F /* CIPlanetNode.cpp in Sources */ = {isa = PBXBuildFile; fileRef = 3D563BF725F6D5B7006641B1 /* CIPlanetNode.cpp */; };
		3DD6947B26311CD300ABF60F /* CIStardustQueue.cpp in Sources */ = {isa = PBXBuildFile; fileRef = 0A5AFAD825F0B5320003669C /* CIStardustQueue.cpp */; };
		3DD6947C26311CD300ABF60F /* CILoadingScene.cpp in Sources */ = {isa = PBXBuildFile; fileRef = EBFA528321FA5AAB00CCC2C5 /* CILoadingScene.cpp */; };
		3DD6947D26311CD300ABF60F /* CIJoinMenu.cpp in Sources */ = {isa = PBXBuildFile; fileRef = 42B54D66261B97110097D816 /* CIJoinMenu.cpp */; };
		3DD6947E26311CD300ABF60F /* CINetworkUtils.cpp in Sources */ = {isa = PBXBuildFile; fileRef = 3DCF911D2607B5B600B97FA1 /* CINetworkUtils.cpp */; };
		3DD6947F26311CD300ABF60F /* CIGameScene.cpp in Sources */ = {isa = PBXBuildFile; fileRef = EBFA528A21FA5AAC00CCC2C5 /* CIGameScene.cpp */; };
		3DD6948026311CD300ABF60F /* CIMenuScene.cpp in Sources */ = {isa = PBXBuildFile; fileRef = 426951EF260FCE5000E675E9 /* CIMenuScene.cpp */; };
		3DD6948126311CD300ABF60F /* CIWinScene.cpp in Sources */ = {isa = PBXBuildFile; fileRef = 3DA35B1B262B56A500A578DF /* CIWinScene.cpp */; };
		3DD6948326311CD300ABF60F /* libcugl-ios.a in Frameworks */ = {isa = PBXBuildFile; fileRef = EB4EB1A41E3404F3007BCF09 /* libcugl-ios.a */; };
		3DD6948426311CD300ABF60F /* Foundation.framework in Frameworks */ = {isa = PBXBuildFile; fileRef = EB97E8AA25D1839000753535 /* Foundation.framework */; };
		3DD6948526311CD300ABF60F /* CoreAudio.framework in Frameworks */ = {isa = PBXBuildFile; fileRef = EB97E8A725D1839000753535 /* CoreAudio.framework */; };
		3DD6948626311CD300ABF60F /* CoreGraphics.framework in Frameworks */ = {isa = PBXBuildFile; fileRef = EB97E8A825D1839000753535 /* CoreGraphics.framework */; };
		3DD6948726311CD300ABF60F /* CoreVideo.framework in Frameworks */ = {isa = PBXBuildFile; fileRef = EB97E8B325D1839000753535 /* CoreVideo.framework */; };
		3DD6948826311CD300ABF60F /* CoreMotion.framework in Frameworks */ = {isa = PBXBuildFile; fileRef = EB97E8B125D1839000753535 /* CoreMotion.framework */; };
		3DD6948926311CD300ABF60F /* CoreHaptics.framework in Frameworks */ = {isa = PBXBuildFile; fileRef = EB97E8AD25D1839000753535 /* CoreHaptics.framework */; };
		3DD6948A26311CD300ABF60F /* CoreBluetooth.framework in Frameworks */ = {isa = PBXBuildFile; fileRef = EB97E8AF25D1839000753535 /* CoreBluetooth.framework */; };
		3DD6948B26311CD300ABF60F /* CoreServices.framework in Frameworks */ = {isa = PBXBuildFile; fileRef = EB97E8AC25D1839000753535 /* CoreServices.framework */; };
		3DD6948C26311CD300ABF60F /* AudioToolbox.framework in Frameworks */ = {isa = PBXBuildFile; fileRef = EB97E8AE25D1839000753535 /* AudioToolbox.framework */; };
		3DD6948D26311CD300ABF60F /* AVFoundation.framework in Frameworks */ = {isa = PBXBuildFile; fileRef = EB97E8B425D1839000753535 /* AVFoundation.framework */; };
		3DD6948E26311CD300ABF60F /* Metal.framework in Frameworks */ = {isa = PBXBuildFile; fileRef = EB97E8B225D1839000753535 /* Metal.framework */; };
		3DD6948F26311CD300ABF60F /* OpenGLES.framework in Frameworks */ = {isa = PBXBuildFile; fileRef = EB97E8B025D1839000753535 /* OpenGLES.framework */; };
		3DD6949026311CD300ABF60F /* QuartzCore.framework in Frameworks */ = {isa = PBXBuildFile; fileRef = EB97E8AB25D1839000753535 /* QuartzCore.framework */; };
		3DD6949126311CD300ABF60F /* UIKit.framework in Frameworks */ = {isa = PBXBuildFile; fileRef = EB97E8C325D183B000753535 /* UIKit.framework */; };
		3DD6949226311CD300ABF60F /* GameController.framework in Frameworks */ = {isa = PBXBuildFile; fileRef = EB97E8A925D1839000753535 /* GameController.framework */; };
		3DD6949426311CD300ABF60F /* textures in Resources */ = {isa = PBXBuildFile; fileRef = EB2BE9BA1D7498D2002FE78B /* textures */; };
		3DD6949526311CD300ABF60F /* fonts in Resources */ = {isa = PBXBuildFile; fileRef = EB2BE9B81D7498C9002FE78B /* fonts */; };
		3DD6949626311CD300ABF60F /* iOS.xcassets in Resources */ = {isa = PBXBuildFile; fileRef = EB7454A71D74D846002FBAE6 /* iOS.xcassets */; };
		3DD6949726311CD300ABF60F /* Landscape.storyboard in Resources */ = {isa = PBXBuildFile; fileRef = EB7454A81D74D846002FBAE6 /* Landscape.storyboard */; };
		3DD6949826311CD300ABF60F /* json in Resources */ = {isa = PBXBuildFile; fileRef = EBFE7C041E19B496001007C2 /* json */; };
		3DD6949926311CD300ABF60F /* widgets in Resources */ = {isa = PBXBuildFile; fileRef = 426951F9260FCE9D00E675E9 /* widgets */; };
		3DD6949A26311CD300ABF60F /* DeviceMargins.plist in Resources */ = {isa = PBXBuildFile; fileRef = EB42669221F68F6900A9DE61 /* DeviceMargins.plist */; };
		426951F0260FCE5000E675E9 /* CIMenuScene.cpp in Sources */ = {isa = PBXBuildFile; fileRef = 426951EF260FCE5000E675E9 /* CIMenuScene.cpp */; };
		426951F1260FCE5000E675E9 /* CIMenuScene.cpp in Sources */ = {isa = PBXBuildFile; fileRef = 426951EF260FCE5000E675E9 /* CIMenuScene.cpp */; };
		426951F2260FCE5000E675E9 /* CIMenuScene.cpp in Sources */ = {isa = PBXBuildFile; fileRef = 426951EF260FCE5000E675E9 /* CIMenuScene.cpp */; };
		426951FA260FCE9D00E675E9 /* widgets in Resources */ = {isa = PBXBuildFile; fileRef = 426951F9260FCE9D00E675E9 /* widgets */; };
		426951FB260FCE9D00E675E9 /* widgets in Resources */ = {isa = PBXBuildFile; fileRef = 426951F9260FCE9D00E675E9 /* widgets */; };
		426951FC260FCE9D00E675E9 /* widgets in Resources */ = {isa = PBXBuildFile; fileRef = 426951F9260FCE9D00E675E9 /* widgets */; };
		42B54D5C261B8C110097D816 /* CISettingsMenu.cpp in Sources */ = {isa = PBXBuildFile; fileRef = 42B54D5B261B8C110097D816 /* CISettingsMenu.cpp */; };
		42B54D5D261B8C110097D816 /* CISettingsMenu.cpp in Sources */ = {isa = PBXBuildFile; fileRef = 42B54D5B261B8C110097D816 /* CISettingsMenu.cpp */; };
		42B54D5E261B8C110097D816 /* CISettingsMenu.cpp in Sources */ = {isa = PBXBuildFile; fileRef = 42B54D5B261B8C110097D816 /* CISettingsMenu.cpp */; };
		42B54D67261B97110097D816 /* CIJoinMenu.cpp in Sources */ = {isa = PBXBuildFile; fileRef = 42B54D66261B97110097D816 /* CIJoinMenu.cpp */; };
		42B54D68261B97110097D816 /* CIJoinMenu.cpp in Sources */ = {isa = PBXBuildFile; fileRef = 42B54D66261B97110097D816 /* CIJoinMenu.cpp */; };
		42B54D69261B97110097D816 /* CIJoinMenu.cpp in Sources */ = {isa = PBXBuildFile; fileRef = 42B54D66261B97110097D816 /* CIJoinMenu.cpp */; };
		CA525027261FEDBF00854B7B /* CIMainMenu.cpp in Sources */ = {isa = PBXBuildFile; fileRef = CA525023261FEDBF00854B7B /* CIMainMenu.cpp */; };
		CA525028261FEDBF00854B7B /* CIMainMenu.cpp in Sources */ = {isa = PBXBuildFile; fileRef = CA525023261FEDBF00854B7B /* CIMainMenu.cpp */; };
		CA525029261FEDBF00854B7B /* CIMainMenu.cpp in Sources */ = {isa = PBXBuildFile; fileRef = CA525023261FEDBF00854B7B /* CIMainMenu.cpp */; };
		CA52502A261FEDBF00854B7B /* CILobbyMenu.cpp in Sources */ = {isa = PBXBuildFile; fileRef = CA525024261FEDBF00854B7B /* CILobbyMenu.cpp */; };
		CA52502B261FEDBF00854B7B /* CILobbyMenu.cpp in Sources */ = {isa = PBXBuildFile; fileRef = CA525024261FEDBF00854B7B /* CILobbyMenu.cpp */; };
		CA52502C261FEDBF00854B7B /* CILobbyMenu.cpp in Sources */ = {isa = PBXBuildFile; fileRef = CA525024261FEDBF00854B7B /* CILobbyMenu.cpp */; };
		CA5B0F452617F05200859BEF /* CIOpponentNode.cpp in Sources */ = {isa = PBXBuildFile; fileRef = CA5B0F432617F05200859BEF /* CIOpponentNode.cpp */; };
		CA5B0F462617F05200859BEF /* CIOpponentNode.cpp in Sources */ = {isa = PBXBuildFile; fileRef = CA5B0F432617F05200859BEF /* CIOpponentNode.cpp */; };
		CA5B0F472617F05200859BEF /* CIOpponentNode.cpp in Sources */ = {isa = PBXBuildFile; fileRef = CA5B0F432617F05200859BEF /* CIOpponentNode.cpp */; };
		CA68E30B25F53BC200B4617D /* CICollisionController.cpp in Sources */ = {isa = PBXBuildFile; fileRef = CA68E30625F53BC200B4617D /* CICollisionController.cpp */; };
		CA68E30C25F53BC200B4617D /* CICollisionController.cpp in Sources */ = {isa = PBXBuildFile; fileRef = CA68E30625F53BC200B4617D /* CICollisionController.cpp */; };
		CA68E30D25F53BC200B4617D /* CICollisionController.cpp in Sources */ = {isa = PBXBuildFile; fileRef = CA68E30625F53BC200B4617D /* CICollisionController.cpp */; };
		CA80926226123A8300599B99 /* CIOpponentPlanet.cpp in Sources */ = {isa = PBXBuildFile; fileRef = CA80926026123A8300599B99 /* CIOpponentPlanet.cpp */; };
		CA80926326123A8300599B99 /* CIOpponentPlanet.cpp in Sources */ = {isa = PBXBuildFile; fileRef = CA80926026123A8300599B99 /* CIOpponentPlanet.cpp */; };
		CA80926426123A8300599B99 /* CIOpponentPlanet.cpp in Sources */ = {isa = PBXBuildFile; fileRef = CA80926026123A8300599B99 /* CIOpponentPlanet.cpp */; };
		CA9A2DD125EDBD6A0048D02F /* CIStardustModel.cpp in Sources */ = {isa = PBXBuildFile; fileRef = CA9A2DCC25EDBD6A0048D02F /* CIStardustModel.cpp */; };
		CA9A2DD225EDBD6A0048D02F /* CIStardustModel.cpp in Sources */ = {isa = PBXBuildFile; fileRef = CA9A2DCC25EDBD6A0048D02F /* CIStardustModel.cpp */; };
		CA9A2DD325EDBD6A0048D02F /* CIStardustModel.cpp in Sources */ = {isa = PBXBuildFile; fileRef = CA9A2DCC25EDBD6A0048D02F /* CIStardustModel.cpp */; };
		CADCA31225FE9AEE0048FCA1 /* CIPlanetNode.cpp in Sources */ = {isa = PBXBuildFile; fileRef = 3D563BF725F6D5B7006641B1 /* CIPlanetNode.cpp */; };
		EB0FF6172016EFB200517030 /* iOS.xcassets in Resources */ = {isa = PBXBuildFile; fileRef = EB7454A71D74D846002FBAE6 /* iOS.xcassets */; };
		EB0FF6182016EFB200517030 /* Landscape.storyboard in Resources */ = {isa = PBXBuildFile; fileRef = EB7454A81D74D846002FBAE6 /* Landscape.storyboard */; };
		EB0FF61A2016EFC500517030 /* json in Resources */ = {isa = PBXBuildFile; fileRef = EBFE7C041E19B496001007C2 /* json */; };
		EB0FF61B2016EFC500517030 /* textures in Resources */ = {isa = PBXBuildFile; fileRef = EB2BE9BA1D7498D2002FE78B /* textures */; };
		EB0FF61C2016EFC500517030 /* fonts in Resources */ = {isa = PBXBuildFile; fileRef = EB2BE9B81D7498C9002FE78B /* fonts */; };
		EB0FF61D2016F06000517030 /* main.cpp in Sources */ = {isa = PBXBuildFile; fileRef = EB2BE9B41D74952A002FE78B /* main.cpp */; };
		EB0FF63B2016F42F00517030 /* libcugl-sim.a in Frameworks */ = {isa = PBXBuildFile; fileRef = EB0FF6152016EF4F00517030 /* libcugl-sim.a */; };
		EB2BE9B61D74952A002FE78B /* main.cpp in Sources */ = {isa = PBXBuildFile; fileRef = EB2BE9B41D74952A002FE78B /* main.cpp */; };
		EB2BE9B91D7498C9002FE78B /* fonts in Resources */ = {isa = PBXBuildFile; fileRef = EB2BE9B81D7498C9002FE78B /* fonts */; };
		EB2BE9BB1D7498D2002FE78B /* textures in Resources */ = {isa = PBXBuildFile; fileRef = EB2BE9BA1D7498D2002FE78B /* textures */; };
		EB42669621F68F6900A9DE61 /* DeviceMargins.plist in Resources */ = {isa = PBXBuildFile; fileRef = EB42669221F68F6900A9DE61 /* DeviceMargins.plist */; };
		EB42669721F68F6900A9DE61 /* DeviceMargins.plist in Resources */ = {isa = PBXBuildFile; fileRef = EB42669221F68F6900A9DE61 /* DeviceMargins.plist */; };
		EB4EB1A71E340509007BCF09 /* libcugl-mac.a in Frameworks */ = {isa = PBXBuildFile; fileRef = EB4EB1A61E3404F3007BCF09 /* libcugl-mac.a */; };
		EB4EB1A81E340511007BCF09 /* libcugl-ios.a in Frameworks */ = {isa = PBXBuildFile; fileRef = EB4EB1A41E3404F3007BCF09 /* libcugl-ios.a */; };
		EB7454AB1D74D846002FBAE6 /* iOS.xcassets in Resources */ = {isa = PBXBuildFile; fileRef = EB7454A71D74D846002FBAE6 /* iOS.xcassets */; };
		EB7454AC1D74D846002FBAE6 /* Landscape.storyboard in Resources */ = {isa = PBXBuildFile; fileRef = EB7454A81D74D846002FBAE6 /* Landscape.storyboard */; };
		EB7454AE1D74D891002FBAE6 /* main.cpp in Sources */ = {isa = PBXBuildFile; fileRef = EB2BE9B41D74952A002FE78B /* main.cpp */; };
		EB7454D01D750623002FBAE6 /* textures in Resources */ = {isa = PBXBuildFile; fileRef = EB2BE9BA1D7498D2002FE78B /* textures */; };
		EB7454D11D750623002FBAE6 /* fonts in Resources */ = {isa = PBXBuildFile; fileRef = EB2BE9B81D7498C9002FE78B /* fonts */; };
		EB97E88F25D1822600753535 /* CoreVideo.framework in Frameworks */ = {isa = PBXBuildFile; fileRef = EB97E88725D1822600753535 /* CoreVideo.framework */; };
		EB97E89025D1822600753535 /* Carbon.framework in Frameworks */ = {isa = PBXBuildFile; fileRef = EB97E88825D1822600753535 /* Carbon.framework */; };
		EB97E89125D1822600753535 /* CoreGraphics.framework in Frameworks */ = {isa = PBXBuildFile; fileRef = EB97E88925D1822600753535 /* CoreGraphics.framework */; };
		EB97E89225D1822600753535 /* Cocoa.framework in Frameworks */ = {isa = PBXBuildFile; fileRef = EB97E88A25D1822600753535 /* Cocoa.framework */; };
		EB97E89325D1822600753535 /* CoreAudio.framework in Frameworks */ = {isa = PBXBuildFile; fileRef = EB97E88B25D1822600753535 /* CoreAudio.framework */; };
		EB97E89425D1822600753535 /* AudioToolbox.framework in Frameworks */ = {isa = PBXBuildFile; fileRef = EB97E88C25D1822600753535 /* AudioToolbox.framework */; };
		EB97E89525D1822600753535 /* AVFoundation.framework in Frameworks */ = {isa = PBXBuildFile; fileRef = EB97E88D25D1822600753535 /* AVFoundation.framework */; };
		EB97E89625D1822600753535 /* CoreHaptics.framework in Frameworks */ = {isa = PBXBuildFile; fileRef = EB97E88E25D1822600753535 /* CoreHaptics.framework */; };
		EB97E89C25D1827300753535 /* IOKit.framework in Frameworks */ = {isa = PBXBuildFile; fileRef = EB97E89725D1827300753535 /* IOKit.framework */; };
		EB97E89D25D1827300753535 /* ForceFeedback.framework in Frameworks */ = {isa = PBXBuildFile; fileRef = EB97E89825D1827300753535 /* ForceFeedback.framework */; };
		EB97E89E25D1827300753535 /* Metal.framework in Frameworks */ = {isa = PBXBuildFile; fileRef = EB97E89925D1827300753535 /* Metal.framework */; };
		EB97E89F25D1827300753535 /* OpenGL.framework in Frameworks */ = {isa = PBXBuildFile; fileRef = EB97E89A25D1827300753535 /* OpenGL.framework */; };
		EB97E8A025D1827300753535 /* GameController.framework in Frameworks */ = {isa = PBXBuildFile; fileRef = EB97E89B25D1827300753535 /* GameController.framework */; };
		EB97E8B525D1839000753535 /* CoreAudio.framework in Frameworks */ = {isa = PBXBuildFile; fileRef = EB97E8A725D1839000753535 /* CoreAudio.framework */; };
		EB97E8B625D1839000753535 /* CoreGraphics.framework in Frameworks */ = {isa = PBXBuildFile; fileRef = EB97E8A825D1839000753535 /* CoreGraphics.framework */; };
		EB97E8B725D1839000753535 /* GameController.framework in Frameworks */ = {isa = PBXBuildFile; fileRef = EB97E8A925D1839000753535 /* GameController.framework */; };
		EB97E8B825D1839000753535 /* Foundation.framework in Frameworks */ = {isa = PBXBuildFile; fileRef = EB97E8AA25D1839000753535 /* Foundation.framework */; };
		EB97E8B925D1839000753535 /* QuartzCore.framework in Frameworks */ = {isa = PBXBuildFile; fileRef = EB97E8AB25D1839000753535 /* QuartzCore.framework */; };
		EB97E8BA25D1839000753535 /* CoreServices.framework in Frameworks */ = {isa = PBXBuildFile; fileRef = EB97E8AC25D1839000753535 /* CoreServices.framework */; };
		EB97E8BB25D1839000753535 /* CoreHaptics.framework in Frameworks */ = {isa = PBXBuildFile; fileRef = EB97E8AD25D1839000753535 /* CoreHaptics.framework */; };
		EB97E8BC25D1839000753535 /* AudioToolbox.framework in Frameworks */ = {isa = PBXBuildFile; fileRef = EB97E8AE25D1839000753535 /* AudioToolbox.framework */; };
		EB97E8BD25D1839000753535 /* CoreBluetooth.framework in Frameworks */ = {isa = PBXBuildFile; fileRef = EB97E8AF25D1839000753535 /* CoreBluetooth.framework */; };
		EB97E8BE25D1839000753535 /* OpenGLES.framework in Frameworks */ = {isa = PBXBuildFile; fileRef = EB97E8B025D1839000753535 /* OpenGLES.framework */; };
		EB97E8BF25D1839000753535 /* CoreMotion.framework in Frameworks */ = {isa = PBXBuildFile; fileRef = EB97E8B125D1839000753535 /* CoreMotion.framework */; };
		EB97E8C025D1839000753535 /* Metal.framework in Frameworks */ = {isa = PBXBuildFile; fileRef = EB97E8B225D1839000753535 /* Metal.framework */; };
		EB97E8C125D1839000753535 /* CoreVideo.framework in Frameworks */ = {isa = PBXBuildFile; fileRef = EB97E8B325D1839000753535 /* CoreVideo.framework */; };
		EB97E8C225D1839000753535 /* AVFoundation.framework in Frameworks */ = {isa = PBXBuildFile; fileRef = EB97E8B425D1839000753535 /* AVFoundation.framework */; };
		EB97E8C425D183B000753535 /* UIKit.framework in Frameworks */ = {isa = PBXBuildFile; fileRef = EB97E8C325D183B000753535 /* UIKit.framework */; };
		EB97E8C525D183EF00753535 /* CoreGraphics.framework in Frameworks */ = {isa = PBXBuildFile; fileRef = EB97E8A825D1839000753535 /* CoreGraphics.framework */; };
		EB97E8C625D183EF00753535 /* UIKit.framework in Frameworks */ = {isa = PBXBuildFile; fileRef = EB97E8C325D183B000753535 /* UIKit.framework */; };
		EB97E8C725D183EF00753535 /* CoreBluetooth.framework in Frameworks */ = {isa = PBXBuildFile; fileRef = EB97E8AF25D1839000753535 /* CoreBluetooth.framework */; };
		EB97E8C825D183EF00753535 /* CoreHaptics.framework in Frameworks */ = {isa = PBXBuildFile; fileRef = EB97E8AD25D1839000753535 /* CoreHaptics.framework */; };
		EB97E8C925D183EF00753535 /* CoreVideo.framework in Frameworks */ = {isa = PBXBuildFile; fileRef = EB97E8B325D1839000753535 /* CoreVideo.framework */; };
		EB97E8CA25D183EF00753535 /* Metal.framework in Frameworks */ = {isa = PBXBuildFile; fileRef = EB97E8B225D1839000753535 /* Metal.framework */; };
		EB97E8CB25D183EF00753535 /* OpenGLES.framework in Frameworks */ = {isa = PBXBuildFile; fileRef = EB97E8B025D1839000753535 /* OpenGLES.framework */; };
		EB97E8CC25D183EF00753535 /* CoreMotion.framework in Frameworks */ = {isa = PBXBuildFile; fileRef = EB97E8B125D1839000753535 /* CoreMotion.framework */; };
		EB97E8CD25D183EF00753535 /* QuartzCore.framework in Frameworks */ = {isa = PBXBuildFile; fileRef = EB97E8AB25D1839000753535 /* QuartzCore.framework */; };
		EB97E8CE25D183EF00753535 /* Foundation.framework in Frameworks */ = {isa = PBXBuildFile; fileRef = EB97E8AA25D1839000753535 /* Foundation.framework */; };
		EB97E8CF25D183EF00753535 /* GameController.framework in Frameworks */ = {isa = PBXBuildFile; fileRef = EB97E8A925D1839000753535 /* GameController.framework */; };
		EB97E8D025D183EF00753535 /* CoreServices.framework in Frameworks */ = {isa = PBXBuildFile; fileRef = EB97E8AC25D1839000753535 /* CoreServices.framework */; };
		EB97E8D125D183EF00753535 /* AVFoundation.framework in Frameworks */ = {isa = PBXBuildFile; fileRef = EB97E8B425D1839000753535 /* AVFoundation.framework */; };
		EB97E8D225D183EF00753535 /* AudioToolbox.framework in Frameworks */ = {isa = PBXBuildFile; fileRef = EB97E8AE25D1839000753535 /* AudioToolbox.framework */; };
		EB97E8D325D183EF00753535 /* CoreAudio.framework in Frameworks */ = {isa = PBXBuildFile; fileRef = EB97E8A725D1839000753535 /* CoreAudio.framework */; };
		EBBF189B1D74904A008E2001 /* Mac.xcassets in Resources */ = {isa = PBXBuildFile; fileRef = EBBF189A1D74904A008E2001 /* Mac.xcassets */; };
		EBFA528C21FA5AAC00CCC2C5 /* CILoadingScene.cpp in Sources */ = {isa = PBXBuildFile; fileRef = EBFA528321FA5AAB00CCC2C5 /* CILoadingScene.cpp */; };
		EBFA528D21FA5AAC00CCC2C5 /* CIApp.cpp in Sources */ = {isa = PBXBuildFile; fileRef = EBFA528421FA5AAB00CCC2C5 /* CIApp.cpp */; };
		EBFA528F21FA5AAC00CCC2C5 /* CIGameScene.cpp in Sources */ = {isa = PBXBuildFile; fileRef = EBFA528A21FA5AAC00CCC2C5 /* CIGameScene.cpp */; };
		EBFA529021FA5AAC00CCC2C5 /* CIInputController.cpp in Sources */ = {isa = PBXBuildFile; fileRef = EBFA528B21FA5AAC00CCC2C5 /* CIInputController.cpp */; };
		EBFA529821FA5D0C00CCC2C5 /* CIApp.cpp in Sources */ = {isa = PBXBuildFile; fileRef = EBFA528421FA5AAB00CCC2C5 /* CIApp.cpp */; };
		EBFA529C21FA5D0C00CCC2C5 /* CIApp.cpp in Sources */ = {isa = PBXBuildFile; fileRef = EBFA528421FA5AAB00CCC2C5 /* CIApp.cpp */; };
		EBFA529D21FA5D0F00CCC2C5 /* CILoadingScene.cpp in Sources */ = {isa = PBXBuildFile; fileRef = EBFA528321FA5AAB00CCC2C5 /* CILoadingScene.cpp */; };
		EBFA529E21FA5D1000CCC2C5 /* CILoadingScene.cpp in Sources */ = {isa = PBXBuildFile; fileRef = EBFA528321FA5AAB00CCC2C5 /* CILoadingScene.cpp */; };
		EBFA529F21FA5D1300CCC2C5 /* CIGameScene.cpp in Sources */ = {isa = PBXBuildFile; fileRef = EBFA528A21FA5AAC00CCC2C5 /* CIGameScene.cpp */; };
		EBFA52A021FA5D1300CCC2C5 /* CIGameScene.cpp in Sources */ = {isa = PBXBuildFile; fileRef = EBFA528A21FA5AAC00CCC2C5 /* CIGameScene.cpp */; };
		EBFA52A121FA5D1700CCC2C5 /* CIInputController.cpp in Sources */ = {isa = PBXBuildFile; fileRef = EBFA528B21FA5AAC00CCC2C5 /* CIInputController.cpp */; };
		EBFA52A221FA5D1700CCC2C5 /* CIInputController.cpp in Sources */ = {isa = PBXBuildFile; fileRef = EBFA528B21FA5AAC00CCC2C5 /* CIInputController.cpp */; };
		EBFE7C051E19B496001007C2 /* json in Resources */ = {isa = PBXBuildFile; fileRef = EBFE7C041E19B496001007C2 /* json */; };
		EBFE7C091E19B4AC001007C2 /* json in Resources */ = {isa = PBXBuildFile; fileRef = EBFE7C041E19B496001007C2 /* json */; };
/* End PBXBuildFile section */

/* Begin PBXContainerItemProxy section */
		EB0FF6142016EF4F00517030 /* PBXContainerItemProxy */ = {
			isa = PBXContainerItemProxy;
			containerPortal = EB4EB19D1E3404F3007BCF09 /* CUGL.xcodeproj */;
			proxyType = 2;
			remoteGlobalIDString = EB0FF5652016EC7E00517030;
			remoteInfo = "cugl-sim";
		};
		EB4EB1A31E3404F3007BCF09 /* PBXContainerItemProxy */ = {
			isa = PBXContainerItemProxy;
			containerPortal = EB4EB19D1E3404F3007BCF09 /* CUGL.xcodeproj */;
			proxyType = 2;
			remoteGlobalIDString = EB7453D71D74B0C5002FBAE6;
			remoteInfo = "cugl-ios";
		};
		EB4EB1A51E3404F3007BCF09 /* PBXContainerItemProxy */ = {
			isa = PBXContainerItemProxy;
			containerPortal = EB4EB19D1E3404F3007BCF09 /* CUGL.xcodeproj */;
			proxyType = 2;
			remoteGlobalIDString = EBBF18071D7485D1008E2001;
			remoteInfo = "cugl-mac";
		};
/* End PBXContainerItemProxy section */

/* Begin PBXFileReference section */
		0A5AFAD225F0B5320003669C /* CIStardustNode.h */ = {isa = PBXFileReference; fileEncoding = 4; lastKnownFileType = sourcecode.c.h; path = CIStardustNode.h; sourceTree = "<group>"; };
		0A5AFAD625F0B5320003669C /* CIStardustNode.cpp */ = {isa = PBXFileReference; fileEncoding = 4; lastKnownFileType = sourcecode.cpp.cpp; path = CIStardustNode.cpp; sourceTree = "<group>"; };
		0A5AFAD725F0B5320003669C /* CIStardustQueue.h */ = {isa = PBXFileReference; fileEncoding = 4; lastKnownFileType = sourcecode.c.h; path = CIStardustQueue.h; sourceTree = "<group>"; };
		0A5AFAD825F0B5320003669C /* CIStardustQueue.cpp */ = {isa = PBXFileReference; fileEncoding = 4; lastKnownFileType = sourcecode.cpp.cpp; path = CIStardustQueue.cpp; sourceTree = "<group>"; };
		0A7E080F263BA578001540FB /* CITutorialScene.h */ = {isa = PBXFileReference; lastKnownFileType = sourcecode.c.h; path = CITutorialScene.h; sourceTree = "<group>"; };
		0A7E0810263BA578001540FB /* CITutorialScene.cpp */ = {isa = PBXFileReference; lastKnownFileType = sourcecode.cpp.cpp; path = CITutorialScene.cpp; sourceTree = "<group>"; };
		3D563B9825F0AEE8006641B1 /* CIPlanetModel.h */ = {isa = PBXFileReference; lastKnownFileType = sourcecode.c.h; path = CIPlanetModel.h; sourceTree = "<group>"; };
		3D563B9C25F0AF01006641B1 /* CIPlanetModel.cpp */ = {isa = PBXFileReference; lastKnownFileType = sourcecode.cpp.cpp; path = CIPlanetModel.cpp; sourceTree = "<group>"; };
		3D563BF325F6D58C006641B1 /* CIPlanetNode.h */ = {isa = PBXFileReference; lastKnownFileType = sourcecode.c.h; path = CIPlanetNode.h; sourceTree = "<group>"; };
		3D563BF725F6D5B7006641B1 /* CIPlanetNode.cpp */ = {isa = PBXFileReference; lastKnownFileType = sourcecode.cpp.cpp; path = CIPlanetNode.cpp; sourceTree = "<group>"; };
		3D94040225FFC50C00043357 /* CIGameUpdateManager.h */ = {isa = PBXFileReference; lastKnownFileType = sourcecode.c.h; path = CIGameUpdateManager.h; sourceTree = "<group>"; };
		3D94040625FFC52400043357 /* CIGameUpdateManager.cpp */ = {isa = PBXFileReference; lastKnownFileType = sourcecode.cpp.cpp; path = CIGameUpdateManager.cpp; sourceTree = "<group>"; };
		3DA35AE2262929B300A578DF /* CIGameSettings.h */ = {isa = PBXFileReference; lastKnownFileType = sourcecode.c.h; path = CIGameSettings.h; sourceTree = "<group>"; };
		3DA35B17262B569400A578DF /* CIWinScene.h */ = {isa = PBXFileReference; lastKnownFileType = sourcecode.c.h; path = CIWinScene.h; sourceTree = "<group>"; };
		3DA35B1B262B56A500A578DF /* CIWinScene.cpp */ = {isa = PBXFileReference; lastKnownFileType = sourcecode.cpp.cpp; path = CIWinScene.cpp; sourceTree = "<group>"; };
		3DA35B65262E6BFE00A578DF /* CIPlanetProgressNode.h */ = {isa = PBXFileReference; lastKnownFileType = sourcecode.c.h; path = CIPlanetProgressNode.h; sourceTree = "<group>"; };
		3DA35B69262E6C1300A578DF /* CIPlanetProgressNode.cpp */ = {isa = PBXFileReference; lastKnownFileType = sourcecode.cpp.cpp; path = CIPlanetProgressNode.cpp; sourceTree = "<group>"; };
		3DCE833625FDB914007EBA2D /* CIGameUpdate.h */ = {isa = PBXFileReference; lastKnownFileType = sourcecode.c.h; path = CIGameUpdate.h; sourceTree = "<group>"; };
		3DCE833725FDC3B8007EBA2D /* CIGameUpdate.cpp */ = {isa = PBXFileReference; lastKnownFileType = sourcecode.cpp.cpp; path = CIGameUpdate.cpp; sourceTree = "<group>"; };
		3DCF90D22605198D00B97FA1 /* CINetworkMessageManager.h */ = {isa = PBXFileReference; lastKnownFileType = sourcecode.c.h; path = CINetworkMessageManager.h; sourceTree = "<group>"; };
		3DCF90D626051C9A00B97FA1 /* CINetworkMessageManager.cpp */ = {isa = PBXFileReference; lastKnownFileType = sourcecode.cpp.cpp; path = CINetworkMessageManager.cpp; sourceTree = "<group>"; };
		3DCF9118260657A900B97FA1 /* CIGameState.h */ = {isa = PBXFileReference; lastKnownFileType = sourcecode.c.h; path = CIGameState.h; sourceTree = "<group>"; };
		3DCF911C2607B5A100B97FA1 /* CINetworkUtils.h */ = {isa = PBXFileReference; lastKnownFileType = sourcecode.c.h; path = CINetworkUtils.h; sourceTree = "<group>"; };
		3DCF911D2607B5B600B97FA1 /* CINetworkUtils.cpp */ = {isa = PBXFileReference; lastKnownFileType = sourcecode.cpp.cpp; path = CINetworkUtils.cpp; sourceTree = "<group>"; };
		3DD6949E26311CD300ABF60F /* Core Impact (iOS) Release.app */ = {isa = PBXFileReference; explicitFileType = wrapper.application; includeInIndex = 0; path = "Core Impact (iOS) Release.app"; sourceTree = BUILT_PRODUCTS_DIR; };
		3DD694A226311CD400ABF60F /* Core Impact (iOS) copy-Info.plist */ = {isa = PBXFileReference; lastKnownFileType = text.plist.xml; name = "Core Impact (iOS) copy-Info.plist"; path = "/Users/william/Documents/core-impact/build-apple/Core Impact (iOS) copy-Info.plist"; sourceTree = "<absolute>"; };
		426951EE260FCE4000E675E9 /* CIMenuScene.h */ = {isa = PBXFileReference; lastKnownFileType = sourcecode.c.h; path = CIMenuScene.h; sourceTree = "<group>"; };
		426951EF260FCE5000E675E9 /* CIMenuScene.cpp */ = {isa = PBXFileReference; lastKnownFileType = sourcecode.cpp.cpp; path = CIMenuScene.cpp; sourceTree = "<group>"; };
		426951F9260FCE9D00E675E9 /* widgets */ = {isa = PBXFileReference; lastKnownFileType = folder; path = widgets; sourceTree = "<group>"; };
		42B54D5A261B8C000097D816 /* CISettingsMenu.h */ = {isa = PBXFileReference; lastKnownFileType = sourcecode.c.h; path = CISettingsMenu.h; sourceTree = "<group>"; };
		42B54D5B261B8C110097D816 /* CISettingsMenu.cpp */ = {isa = PBXFileReference; lastKnownFileType = sourcecode.cpp.cpp; path = CISettingsMenu.cpp; sourceTree = "<group>"; };
		42B54D65261B97020097D816 /* CIJoinMenu.h */ = {isa = PBXFileReference; lastKnownFileType = sourcecode.c.h; path = CIJoinMenu.h; sourceTree = "<group>"; };
		42B54D66261B97110097D816 /* CIJoinMenu.cpp */ = {isa = PBXFileReference; lastKnownFileType = sourcecode.cpp.cpp; path = CIJoinMenu.cpp; sourceTree = "<group>"; };
		CA525022261FEDBF00854B7B /* CILobbyMenu.h */ = {isa = PBXFileReference; fileEncoding = 4; lastKnownFileType = sourcecode.c.h; path = CILobbyMenu.h; sourceTree = "<group>"; };
		CA525023261FEDBF00854B7B /* CIMainMenu.cpp */ = {isa = PBXFileReference; fileEncoding = 4; lastKnownFileType = sourcecode.cpp.cpp; path = CIMainMenu.cpp; sourceTree = "<group>"; };
		CA525024261FEDBF00854B7B /* CILobbyMenu.cpp */ = {isa = PBXFileReference; fileEncoding = 4; lastKnownFileType = sourcecode.cpp.cpp; path = CILobbyMenu.cpp; sourceTree = "<group>"; };
		CA525025261FEDBF00854B7B /* CIMainMenu.h */ = {isa = PBXFileReference; fileEncoding = 4; lastKnownFileType = sourcecode.c.h; path = CIMainMenu.h; sourceTree = "<group>"; };
		CA525026261FEDBF00854B7B /* CIMenuState.h */ = {isa = PBXFileReference; fileEncoding = 4; lastKnownFileType = sourcecode.c.h; path = CIMenuState.h; sourceTree = "<group>"; };
		CA5B0F432617F05200859BEF /* CIOpponentNode.cpp */ = {isa = PBXFileReference; lastKnownFileType = sourcecode.cpp.cpp; path = CIOpponentNode.cpp; sourceTree = "<group>"; };
		CA5B0F442617F05200859BEF /* CIOpponentNode.h */ = {isa = PBXFileReference; lastKnownFileType = sourcecode.c.h; path = CIOpponentNode.h; sourceTree = "<group>"; };
		CA5B0F512618E5BD00859BEF /* CILocation.h */ = {isa = PBXFileReference; lastKnownFileType = sourcecode.c.h; path = CILocation.h; sourceTree = "<group>"; };
		CA68E30625F53BC200B4617D /* CICollisionController.cpp */ = {isa = PBXFileReference; fileEncoding = 4; lastKnownFileType = sourcecode.cpp.cpp; path = CICollisionController.cpp; sourceTree = "<group>"; };
		CA68E30A25F53BC200B4617D /* CICollisionController.h */ = {isa = PBXFileReference; fileEncoding = 4; lastKnownFileType = sourcecode.c.h; path = CICollisionController.h; sourceTree = "<group>"; };
		CA80926026123A8300599B99 /* CIOpponentPlanet.cpp */ = {isa = PBXFileReference; lastKnownFileType = sourcecode.cpp.cpp; path = CIOpponentPlanet.cpp; sourceTree = "<group>"; };
		CA80926126123A8300599B99 /* CIOpponentPlanet.h */ = {isa = PBXFileReference; lastKnownFileType = sourcecode.c.h; path = CIOpponentPlanet.h; sourceTree = "<group>"; };
		CA9A2DC725EDBD6A0048D02F /* CIStardustModel.h */ = {isa = PBXFileReference; fileEncoding = 4; lastKnownFileType = sourcecode.c.h; path = CIStardustModel.h; sourceTree = "<group>"; };
		CA9A2DCC25EDBD6A0048D02F /* CIStardustModel.cpp */ = {isa = PBXFileReference; fileEncoding = 4; lastKnownFileType = sourcecode.cpp.cpp; path = CIStardustModel.cpp; sourceTree = "<group>"; };
		CA9A2DCD25EDBD6A0048D02F /* CIColor.h */ = {isa = PBXFileReference; fileEncoding = 4; lastKnownFileType = sourcecode.c.h; path = CIColor.h; sourceTree = "<group>"; };
		CAC0C81A26002EDA003B3F42 /* CIPlanetLayer.h */ = {isa = PBXFileReference; lastKnownFileType = sourcecode.c.h; path = CIPlanetLayer.h; sourceTree = "<group>"; };
		EB0FF5FC2016EF4F00517030 /* Core Impact (Sim).app */ = {isa = PBXFileReference; explicitFileType = wrapper.application; includeInIndex = 0; path = "Core Impact (Sim).app"; sourceTree = BUILT_PRODUCTS_DIR; };
		EB2BE9B41D74952A002FE78B /* main.cpp */ = {isa = PBXFileReference; fileEncoding = 4; lastKnownFileType = sourcecode.cpp.cpp; path = main.cpp; sourceTree = "<group>"; };
		EB2BE9B81D7498C9002FE78B /* fonts */ = {isa = PBXFileReference; lastKnownFileType = folder; path = fonts; sourceTree = "<group>"; };
		EB2BE9BA1D7498D2002FE78B /* textures */ = {isa = PBXFileReference; lastKnownFileType = folder; path = textures; sourceTree = "<group>"; };
		EB42669221F68F6900A9DE61 /* DeviceMargins.plist */ = {isa = PBXFileReference; fileEncoding = 4; lastKnownFileType = text.plist.xml; path = DeviceMargins.plist; sourceTree = "<group>"; };
		EB4EB19D1E3404F3007BCF09 /* CUGL.xcodeproj */ = {isa = PBXFileReference; lastKnownFileType = "wrapper.pb-project"; name = CUGL.xcodeproj; path = "../cugl/build-apple/CUGL.xcodeproj"; sourceTree = "<group>"; };
		EB74548C1D74D75C002FBAE6 /* Core Impact.app */ = {isa = PBXFileReference; explicitFileType = wrapper.application; includeInIndex = 0; path = "Core Impact.app"; sourceTree = BUILT_PRODUCTS_DIR; };
		EB7454A61D74D846002FBAE6 /* iOS-Info.plist */ = {isa = PBXFileReference; fileEncoding = 4; lastKnownFileType = text.plist.xml; path = "iOS-Info.plist"; sourceTree = "<group>"; };
		EB7454A71D74D846002FBAE6 /* iOS.xcassets */ = {isa = PBXFileReference; lastKnownFileType = folder.assetcatalog; path = iOS.xcassets; sourceTree = "<group>"; };
		EB7454A81D74D846002FBAE6 /* Landscape.storyboard */ = {isa = PBXFileReference; fileEncoding = 4; lastKnownFileType = file.storyboard; path = Landscape.storyboard; sourceTree = "<group>"; };
		EB97E88725D1822600753535 /* CoreVideo.framework */ = {isa = PBXFileReference; lastKnownFileType = wrapper.framework; name = CoreVideo.framework; path = System/Library/Frameworks/CoreVideo.framework; sourceTree = SDKROOT; };
		EB97E88825D1822600753535 /* Carbon.framework */ = {isa = PBXFileReference; lastKnownFileType = wrapper.framework; name = Carbon.framework; path = System/Library/Frameworks/Carbon.framework; sourceTree = SDKROOT; };
		EB97E88925D1822600753535 /* CoreGraphics.framework */ = {isa = PBXFileReference; lastKnownFileType = wrapper.framework; name = CoreGraphics.framework; path = System/Library/Frameworks/CoreGraphics.framework; sourceTree = SDKROOT; };
		EB97E88A25D1822600753535 /* Cocoa.framework */ = {isa = PBXFileReference; lastKnownFileType = wrapper.framework; name = Cocoa.framework; path = System/Library/Frameworks/Cocoa.framework; sourceTree = SDKROOT; };
		EB97E88B25D1822600753535 /* CoreAudio.framework */ = {isa = PBXFileReference; lastKnownFileType = wrapper.framework; name = CoreAudio.framework; path = System/Library/Frameworks/CoreAudio.framework; sourceTree = SDKROOT; };
		EB97E88C25D1822600753535 /* AudioToolbox.framework */ = {isa = PBXFileReference; lastKnownFileType = wrapper.framework; name = AudioToolbox.framework; path = System/Library/Frameworks/AudioToolbox.framework; sourceTree = SDKROOT; };
		EB97E88D25D1822600753535 /* AVFoundation.framework */ = {isa = PBXFileReference; lastKnownFileType = wrapper.framework; name = AVFoundation.framework; path = System/Library/Frameworks/AVFoundation.framework; sourceTree = SDKROOT; };
		EB97E88E25D1822600753535 /* CoreHaptics.framework */ = {isa = PBXFileReference; lastKnownFileType = wrapper.framework; name = CoreHaptics.framework; path = System/Library/Frameworks/CoreHaptics.framework; sourceTree = SDKROOT; };
		EB97E89725D1827300753535 /* IOKit.framework */ = {isa = PBXFileReference; lastKnownFileType = wrapper.framework; name = IOKit.framework; path = System/Library/Frameworks/IOKit.framework; sourceTree = SDKROOT; };
		EB97E89825D1827300753535 /* ForceFeedback.framework */ = {isa = PBXFileReference; lastKnownFileType = wrapper.framework; name = ForceFeedback.framework; path = System/Library/Frameworks/ForceFeedback.framework; sourceTree = SDKROOT; };
		EB97E89925D1827300753535 /* Metal.framework */ = {isa = PBXFileReference; lastKnownFileType = wrapper.framework; name = Metal.framework; path = System/Library/Frameworks/Metal.framework; sourceTree = SDKROOT; };
		EB97E89A25D1827300753535 /* OpenGL.framework */ = {isa = PBXFileReference; lastKnownFileType = wrapper.framework; name = OpenGL.framework; path = System/Library/Frameworks/OpenGL.framework; sourceTree = SDKROOT; };
		EB97E89B25D1827300753535 /* GameController.framework */ = {isa = PBXFileReference; lastKnownFileType = wrapper.framework; name = GameController.framework; path = System/Library/Frameworks/GameController.framework; sourceTree = SDKROOT; };
		EB97E8A725D1839000753535 /* CoreAudio.framework */ = {isa = PBXFileReference; lastKnownFileType = wrapper.framework; name = CoreAudio.framework; path = Platforms/iPhoneOS.platform/Developer/SDKs/iPhoneOS14.4.sdk/System/Library/Frameworks/CoreAudio.framework; sourceTree = DEVELOPER_DIR; };
		EB97E8A825D1839000753535 /* CoreGraphics.framework */ = {isa = PBXFileReference; lastKnownFileType = wrapper.framework; name = CoreGraphics.framework; path = Platforms/iPhoneOS.platform/Developer/SDKs/iPhoneOS14.4.sdk/System/Library/Frameworks/CoreGraphics.framework; sourceTree = DEVELOPER_DIR; };
		EB97E8A925D1839000753535 /* GameController.framework */ = {isa = PBXFileReference; lastKnownFileType = wrapper.framework; name = GameController.framework; path = Platforms/iPhoneOS.platform/Developer/SDKs/iPhoneOS14.4.sdk/System/Library/Frameworks/GameController.framework; sourceTree = DEVELOPER_DIR; };
		EB97E8AA25D1839000753535 /* Foundation.framework */ = {isa = PBXFileReference; lastKnownFileType = wrapper.framework; name = Foundation.framework; path = Platforms/iPhoneOS.platform/Developer/SDKs/iPhoneOS14.4.sdk/System/Library/Frameworks/Foundation.framework; sourceTree = DEVELOPER_DIR; };
		EB97E8AB25D1839000753535 /* QuartzCore.framework */ = {isa = PBXFileReference; lastKnownFileType = wrapper.framework; name = QuartzCore.framework; path = Platforms/iPhoneOS.platform/Developer/SDKs/iPhoneOS14.4.sdk/System/Library/Frameworks/QuartzCore.framework; sourceTree = DEVELOPER_DIR; };
		EB97E8AC25D1839000753535 /* CoreServices.framework */ = {isa = PBXFileReference; lastKnownFileType = wrapper.framework; name = CoreServices.framework; path = Platforms/iPhoneOS.platform/Developer/SDKs/iPhoneOS14.4.sdk/System/Library/Frameworks/CoreServices.framework; sourceTree = DEVELOPER_DIR; };
		EB97E8AD25D1839000753535 /* CoreHaptics.framework */ = {isa = PBXFileReference; lastKnownFileType = wrapper.framework; name = CoreHaptics.framework; path = Platforms/iPhoneOS.platform/Developer/SDKs/iPhoneOS14.4.sdk/System/Library/Frameworks/CoreHaptics.framework; sourceTree = DEVELOPER_DIR; };
		EB97E8AE25D1839000753535 /* AudioToolbox.framework */ = {isa = PBXFileReference; lastKnownFileType = wrapper.framework; name = AudioToolbox.framework; path = Platforms/iPhoneOS.platform/Developer/SDKs/iPhoneOS14.4.sdk/System/Library/Frameworks/AudioToolbox.framework; sourceTree = DEVELOPER_DIR; };
		EB97E8AF25D1839000753535 /* CoreBluetooth.framework */ = {isa = PBXFileReference; lastKnownFileType = wrapper.framework; name = CoreBluetooth.framework; path = Platforms/iPhoneOS.platform/Developer/SDKs/iPhoneOS14.4.sdk/System/Library/Frameworks/CoreBluetooth.framework; sourceTree = DEVELOPER_DIR; };
		EB97E8B025D1839000753535 /* OpenGLES.framework */ = {isa = PBXFileReference; lastKnownFileType = wrapper.framework; name = OpenGLES.framework; path = Platforms/iPhoneOS.platform/Developer/SDKs/iPhoneOS14.4.sdk/System/Library/Frameworks/OpenGLES.framework; sourceTree = DEVELOPER_DIR; };
		EB97E8B125D1839000753535 /* CoreMotion.framework */ = {isa = PBXFileReference; lastKnownFileType = wrapper.framework; name = CoreMotion.framework; path = Platforms/iPhoneOS.platform/Developer/SDKs/iPhoneOS14.4.sdk/System/Library/Frameworks/CoreMotion.framework; sourceTree = DEVELOPER_DIR; };
		EB97E8B225D1839000753535 /* Metal.framework */ = {isa = PBXFileReference; lastKnownFileType = wrapper.framework; name = Metal.framework; path = Platforms/iPhoneOS.platform/Developer/SDKs/iPhoneOS14.4.sdk/System/Library/Frameworks/Metal.framework; sourceTree = DEVELOPER_DIR; };
		EB97E8B325D1839000753535 /* CoreVideo.framework */ = {isa = PBXFileReference; lastKnownFileType = wrapper.framework; name = CoreVideo.framework; path = Platforms/iPhoneOS.platform/Developer/SDKs/iPhoneOS14.4.sdk/System/Library/Frameworks/CoreVideo.framework; sourceTree = DEVELOPER_DIR; };
		EB97E8B425D1839000753535 /* AVFoundation.framework */ = {isa = PBXFileReference; lastKnownFileType = wrapper.framework; name = AVFoundation.framework; path = Platforms/iPhoneOS.platform/Developer/SDKs/iPhoneOS14.4.sdk/System/Library/Frameworks/AVFoundation.framework; sourceTree = DEVELOPER_DIR; };
		EB97E8C325D183B000753535 /* UIKit.framework */ = {isa = PBXFileReference; lastKnownFileType = wrapper.framework; name = UIKit.framework; path = Platforms/iPhoneOS.platform/Developer/SDKs/iPhoneOS14.4.sdk/System/Library/Frameworks/UIKit.framework; sourceTree = DEVELOPER_DIR; };
		EBBF18911D74904A008E2001 /* Core Impact.app */ = {isa = PBXFileReference; explicitFileType = wrapper.application; includeInIndex = 0; path = "Core Impact.app"; sourceTree = BUILT_PRODUCTS_DIR; };
		EBBF189A1D74904A008E2001 /* Mac.xcassets */ = {isa = PBXFileReference; lastKnownFileType = folder.assetcatalog; path = Mac.xcassets; sourceTree = "<group>"; };
		EBBF189F1D74904A008E2001 /* Mac-Info.plist */ = {isa = PBXFileReference; lastKnownFileType = text.plist.xml; path = "Mac-Info.plist"; sourceTree = "<group>"; };
		EBFA528321FA5AAB00CCC2C5 /* CILoadingScene.cpp */ = {isa = PBXFileReference; fileEncoding = 4; lastKnownFileType = sourcecode.cpp.cpp; path = CILoadingScene.cpp; sourceTree = "<group>"; };
		EBFA528421FA5AAB00CCC2C5 /* CIApp.cpp */ = {isa = PBXFileReference; fileEncoding = 4; lastKnownFileType = sourcecode.cpp.cpp; path = CIApp.cpp; sourceTree = "<group>"; };
		EBFA528521FA5AAB00CCC2C5 /* CILoadingScene.h */ = {isa = PBXFileReference; fileEncoding = 4; lastKnownFileType = sourcecode.c.h; path = CILoadingScene.h; sourceTree = "<group>"; };
		EBFA528721FA5AAB00CCC2C5 /* CIInputController.h */ = {isa = PBXFileReference; fileEncoding = 4; lastKnownFileType = sourcecode.c.h; path = CIInputController.h; sourceTree = "<group>"; };
		EBFA528821FA5AAB00CCC2C5 /* CIApp.h */ = {isa = PBXFileReference; fileEncoding = 4; lastKnownFileType = sourcecode.c.h; path = CIApp.h; sourceTree = "<group>"; };
		EBFA528921FA5AAB00CCC2C5 /* CIGameScene.h */ = {isa = PBXFileReference; fileEncoding = 4; lastKnownFileType = sourcecode.c.h; path = CIGameScene.h; sourceTree = "<group>"; };
		EBFA528A21FA5AAC00CCC2C5 /* CIGameScene.cpp */ = {isa = PBXFileReference; fileEncoding = 4; lastKnownFileType = sourcecode.cpp.cpp; path = CIGameScene.cpp; sourceTree = "<group>"; };
		EBFA528B21FA5AAC00CCC2C5 /* CIInputController.cpp */ = {isa = PBXFileReference; fileEncoding = 4; lastKnownFileType = sourcecode.cpp.cpp; path = CIInputController.cpp; sourceTree = "<group>"; };
		EBFE7C041E19B496001007C2 /* json */ = {isa = PBXFileReference; lastKnownFileType = folder; path = json; sourceTree = "<group>"; };
/* End PBXFileReference section */

/* Begin PBXFrameworksBuildPhase section */
		3DD6948226311CD300ABF60F /* Frameworks */ = {
			isa = PBXFrameworksBuildPhase;
			buildActionMask = 2147483647;
			files = (
				3DD6948326311CD300ABF60F /* libcugl-ios.a in Frameworks */,
				3DD6948426311CD300ABF60F /* Foundation.framework in Frameworks */,
				3DD6948526311CD300ABF60F /* CoreAudio.framework in Frameworks */,
				3DD6948626311CD300ABF60F /* CoreGraphics.framework in Frameworks */,
				3DD6948726311CD300ABF60F /* CoreVideo.framework in Frameworks */,
				3DD6948826311CD300ABF60F /* CoreMotion.framework in Frameworks */,
				3DD6948926311CD300ABF60F /* CoreHaptics.framework in Frameworks */,
				3DD6948A26311CD300ABF60F /* CoreBluetooth.framework in Frameworks */,
				3DD6948B26311CD300ABF60F /* CoreServices.framework in Frameworks */,
				3DD6948C26311CD300ABF60F /* AudioToolbox.framework in Frameworks */,
				3DD6948D26311CD300ABF60F /* AVFoundation.framework in Frameworks */,
				3DD6948E26311CD300ABF60F /* Metal.framework in Frameworks */,
				3DD6948F26311CD300ABF60F /* OpenGLES.framework in Frameworks */,
				3DD6949026311CD300ABF60F /* QuartzCore.framework in Frameworks */,
				3DD6949126311CD300ABF60F /* UIKit.framework in Frameworks */,
				3DD6949226311CD300ABF60F /* GameController.framework in Frameworks */,
			);
			runOnlyForDeploymentPostprocessing = 0;
		};
		EB0FF5F92016EF4F00517030 /* Frameworks */ = {
			isa = PBXFrameworksBuildPhase;
			buildActionMask = 2147483647;
			files = (
				EB97E8CD25D183EF00753535 /* QuartzCore.framework in Frameworks */,
				EB97E8C525D183EF00753535 /* CoreGraphics.framework in Frameworks */,
				EB97E8D225D183EF00753535 /* AudioToolbox.framework in Frameworks */,
				EB97E8CF25D183EF00753535 /* GameController.framework in Frameworks */,
				EB97E8CC25D183EF00753535 /* CoreMotion.framework in Frameworks */,
				EB97E8C625D183EF00753535 /* UIKit.framework in Frameworks */,
				EB97E8CA25D183EF00753535 /* Metal.framework in Frameworks */,
				EB97E8CB25D183EF00753535 /* OpenGLES.framework in Frameworks */,
				EB97E8C825D183EF00753535 /* CoreHaptics.framework in Frameworks */,
				EB97E8C725D183EF00753535 /* CoreBluetooth.framework in Frameworks */,
				EB97E8D325D183EF00753535 /* CoreAudio.framework in Frameworks */,
				EB0FF63B2016F42F00517030 /* libcugl-sim.a in Frameworks */,
				EB97E8C925D183EF00753535 /* CoreVideo.framework in Frameworks */,
				EB97E8D025D183EF00753535 /* CoreServices.framework in Frameworks */,
				EB97E8D125D183EF00753535 /* AVFoundation.framework in Frameworks */,
				EB97E8CE25D183EF00753535 /* Foundation.framework in Frameworks */,
			);
			runOnlyForDeploymentPostprocessing = 0;
		};
		EB7454891D74D75C002FBAE6 /* Frameworks */ = {
			isa = PBXFrameworksBuildPhase;
			buildActionMask = 2147483647;
			files = (
				EB4EB1A81E340511007BCF09 /* libcugl-ios.a in Frameworks */,
				EB97E8B825D1839000753535 /* Foundation.framework in Frameworks */,
				EB97E8B525D1839000753535 /* CoreAudio.framework in Frameworks */,
				EB97E8B625D1839000753535 /* CoreGraphics.framework in Frameworks */,
				EB97E8C125D1839000753535 /* CoreVideo.framework in Frameworks */,
				EB97E8BF25D1839000753535 /* CoreMotion.framework in Frameworks */,
				EB97E8BB25D1839000753535 /* CoreHaptics.framework in Frameworks */,
				EB97E8BD25D1839000753535 /* CoreBluetooth.framework in Frameworks */,
				EB97E8BA25D1839000753535 /* CoreServices.framework in Frameworks */,
				EB97E8BC25D1839000753535 /* AudioToolbox.framework in Frameworks */,
				EB97E8C225D1839000753535 /* AVFoundation.framework in Frameworks */,
				EB97E8C025D1839000753535 /* Metal.framework in Frameworks */,
				EB97E8BE25D1839000753535 /* OpenGLES.framework in Frameworks */,
				EB97E8B925D1839000753535 /* QuartzCore.framework in Frameworks */,
				EB97E8C425D183B000753535 /* UIKit.framework in Frameworks */,
				EB97E8B725D1839000753535 /* GameController.framework in Frameworks */,
			);
			runOnlyForDeploymentPostprocessing = 0;
		};
		EBBF188E1D74904A008E2001 /* Frameworks */ = {
			isa = PBXFrameworksBuildPhase;
			buildActionMask = 2147483647;
			files = (
				EB4EB1A71E340509007BCF09 /* libcugl-mac.a in Frameworks */,
				EB97E89025D1822600753535 /* Carbon.framework in Frameworks */,
				EB97E89225D1822600753535 /* Cocoa.framework in Frameworks */,
				EB97E89325D1822600753535 /* CoreAudio.framework in Frameworks */,
				EB97E89125D1822600753535 /* CoreGraphics.framework in Frameworks */,
				EB97E88F25D1822600753535 /* CoreVideo.framework in Frameworks */,
				EB97E89625D1822600753535 /* CoreHaptics.framework in Frameworks */,
				EB97E89425D1822600753535 /* AudioToolbox.framework in Frameworks */,
				EB97E89525D1822600753535 /* AVFoundation.framework in Frameworks */,
				EB97E89E25D1827300753535 /* Metal.framework in Frameworks */,
				EB97E89F25D1827300753535 /* OpenGL.framework in Frameworks */,
				EB97E89C25D1827300753535 /* IOKit.framework in Frameworks */,
				EB97E89D25D1827300753535 /* ForceFeedback.framework in Frameworks */,
				EB97E8A025D1827300753535 /* GameController.framework in Frameworks */,
			);
			runOnlyForDeploymentPostprocessing = 0;
		};
/* End PBXFrameworksBuildPhase section */

/* Begin PBXGroup section */
		CA626E2F262743D200C4A68F /* Model */ = {
			isa = PBXGroup;
			children = (
				CA80926026123A8300599B99 /* CIOpponentPlanet.cpp */,
				CA80926126123A8300599B99 /* CIOpponentPlanet.h */,
				CAC0C81A26002EDA003B3F42 /* CIPlanetLayer.h */,
				3D563B9C25F0AF01006641B1 /* CIPlanetModel.cpp */,
				3D563B9825F0AEE8006641B1 /* CIPlanetModel.h */,
				CA9A2DCC25EDBD6A0048D02F /* CIStardustModel.cpp */,
				CA9A2DC725EDBD6A0048D02F /* CIStardustModel.h */,
				0A5AFAD825F0B5320003669C /* CIStardustQueue.cpp */,
				0A5AFAD725F0B5320003669C /* CIStardustQueue.h */,
				3DA35AE2262929B300A578DF /* CIGameSettings.h */,
			);
			name = Model;
			sourceTree = "<group>";
		};
		CA626E36262743E100C4A68F /* View */ = {
			isa = PBXGroup;
			children = (
				CA5B0F432617F05200859BEF /* CIOpponentNode.cpp */,
				CA5B0F442617F05200859BEF /* CIOpponentNode.h */,
				3D563BF725F6D5B7006641B1 /* CIPlanetNode.cpp */,
				3D563BF325F6D58C006641B1 /* CIPlanetNode.h */,
				0A5AFAD225F0B5320003669C /* CIStardustNode.h */,
				0A5AFAD625F0B5320003669C /* CIStardustNode.cpp */,
				3DA35B65262E6BFE00A578DF /* CIPlanetProgressNode.h */,
				3DA35B69262E6C1300A578DF /* CIPlanetProgressNode.cpp */,
			);
			name = View;
			sourceTree = "<group>";
		};
		CA626E3D262743E900C4A68F /* Scene */ = {
			isa = PBXGroup;
			children = (
				EBFA528A21FA5AAC00CCC2C5 /* CIGameScene.cpp */,
				EBFA528921FA5AAB00CCC2C5 /* CIGameScene.h */,
				42B54D66261B97110097D816 /* CIJoinMenu.cpp */,
				42B54D65261B97020097D816 /* CIJoinMenu.h */,
				EBFA528321FA5AAB00CCC2C5 /* CILoadingScene.cpp */,
				EBFA528521FA5AAB00CCC2C5 /* CILoadingScene.h */,
				CA525024261FEDBF00854B7B /* CILobbyMenu.cpp */,
				CA525022261FEDBF00854B7B /* CILobbyMenu.h */,
				CA525023261FEDBF00854B7B /* CIMainMenu.cpp */,
				CA525025261FEDBF00854B7B /* CIMainMenu.h */,
				426951EF260FCE5000E675E9 /* CIMenuScene.cpp */,
				426951EE260FCE4000E675E9 /* CIMenuScene.h */,
				CA525026261FEDBF00854B7B /* CIMenuState.h */,
				42B54D5B261B8C110097D816 /* CISettingsMenu.cpp */,
				42B54D5A261B8C000097D816 /* CISettingsMenu.h */,
				3DA35B17262B569400A578DF /* CIWinScene.h */,
				3DA35B1B262B56A500A578DF /* CIWinScene.cpp */,
				0A7E080F263BA578001540FB /* CITutorialScene.h */,
				0A7E0810263BA578001540FB /* CITutorialScene.cpp */,
			);
			name = Scene;
			sourceTree = "<group>";
		};
		CAD792732624A688001CC6E8 /* Network */ = {
			isa = PBXGroup;
			children = (
				3DCE833725FDC3B8007EBA2D /* CIGameUpdate.cpp */,
				3DCE833625FDB914007EBA2D /* CIGameUpdate.h */,
				3D94040625FFC52400043357 /* CIGameUpdateManager.cpp */,
				3D94040225FFC50C00043357 /* CIGameUpdateManager.h */,
				3DCF90D626051C9A00B97FA1 /* CINetworkMessageManager.cpp */,
				3DCF90D22605198D00B97FA1 /* CINetworkMessageManager.h */,
				3DCF911D2607B5B600B97FA1 /* CINetworkUtils.cpp */,
				3DCF911C2607B5A100B97FA1 /* CINetworkUtils.h */,
			);
			name = Network;
			sourceTree = "<group>";
		};
		CAD792742624A699001CC6E8 /* Controller */ = {
			isa = PBXGroup;
			children = (
				CA68E30625F53BC200B4617D /* CICollisionController.cpp */,
				CA68E30A25F53BC200B4617D /* CICollisionController.h */,
				EBFA528B21FA5AAC00CCC2C5 /* CIInputController.cpp */,
				EBFA528721FA5AAB00CCC2C5 /* CIInputController.h */,
			);
			name = Controller;
			sourceTree = "<group>";
		};
		CAD792772624A774001CC6E8 /* Enum */ = {
			isa = PBXGroup;
			children = (
				CA9A2DCD25EDBD6A0048D02F /* CIColor.h */,
				3DCF9118260657A900B97FA1 /* CIGameState.h */,
				CA5B0F512618E5BD00859BEF /* CILocation.h */,
			);
			name = Enum;
			sourceTree = "<group>";
		};
		EB2BE9B71D749870002FE78B /* Assets */ = {
			isa = PBXGroup;
			children = (
				EBFE7C041E19B496001007C2 /* json */,
				426951F9260FCE9D00E675E9 /* widgets */,
				EB2BE9BA1D7498D2002FE78B /* textures */,
				EB2BE9B81D7498C9002FE78B /* fonts */,
			);
			name = Assets;
			path = ../assets;
			sourceTree = "<group>";
		};
		EB4880FC1D74AAB600EFC946 /* Frameworks */ = {
			isa = PBXGroup;
			children = (
				EB7454B01D74D8A9002FBAE6 /* Mac */,
				EB7454B11D74D8B7002FBAE6 /* iOS */,
			);
			name = Frameworks;
			sourceTree = "<group>";
		};
		EB4EB19E1E3404F3007BCF09 /* Products */ = {
			isa = PBXGroup;
			children = (
				EB4EB1A61E3404F3007BCF09 /* libcugl-mac.a */,
				EB4EB1A41E3404F3007BCF09 /* libcugl-ios.a */,
				EB0FF6152016EF4F00517030 /* libcugl-sim.a */,
			);
			name = Products;
			sourceTree = "<group>";
		};
		EB7454B01D74D8A9002FBAE6 /* Mac */ = {
			isa = PBXGroup;
			children = (
				EB97E88825D1822600753535 /* Carbon.framework */,
				EB97E88A25D1822600753535 /* Cocoa.framework */,
				EB97E88B25D1822600753535 /* CoreAudio.framework */,
				EB97E88925D1822600753535 /* CoreGraphics.framework */,
				EB97E88E25D1822600753535 /* CoreHaptics.framework */,
				EB97E88725D1822600753535 /* CoreVideo.framework */,
				EB97E89925D1827300753535 /* Metal.framework */,
				EB97E89A25D1827300753535 /* OpenGL.framework */,
				EB97E88C25D1822600753535 /* AudioToolbox.framework */,
				EB97E88D25D1822600753535 /* AVFoundation.framework */,
				EB97E89825D1827300753535 /* ForceFeedback.framework */,
				EB97E89B25D1827300753535 /* GameController.framework */,
				EB97E89725D1827300753535 /* IOKit.framework */,
			);
			name = Mac;
			sourceTree = "<group>";
		};
		EB7454B11D74D8B7002FBAE6 /* iOS */ = {
			isa = PBXGroup;
			children = (
				EB97E8C325D183B000753535 /* UIKit.framework */,
				EB97E8AE25D1839000753535 /* AudioToolbox.framework */,
				EB97E8B425D1839000753535 /* AVFoundation.framework */,
				EB97E8A725D1839000753535 /* CoreAudio.framework */,
				EB97E8AF25D1839000753535 /* CoreBluetooth.framework */,
				EB97E8A825D1839000753535 /* CoreGraphics.framework */,
				EB97E8AD25D1839000753535 /* CoreHaptics.framework */,
				EB97E8B125D1839000753535 /* CoreMotion.framework */,
				EB97E8AC25D1839000753535 /* CoreServices.framework */,
				EB97E8B325D1839000753535 /* CoreVideo.framework */,
				EB97E8AA25D1839000753535 /* Foundation.framework */,
				EB97E8A925D1839000753535 /* GameController.framework */,
				EB97E8B225D1839000753535 /* Metal.framework */,
				EB97E8B025D1839000753535 /* OpenGLES.framework */,
				EB97E8AB25D1839000753535 /* QuartzCore.framework */,
			);
			name = iOS;
			sourceTree = "<group>";
		};
		EBBF18881D74904A008E2001 = {
			isa = PBXGroup;
			children = (
				EBBF18B11D749176008E2001 /* Source */,
				EB2BE9B71D749870002FE78B /* Assets */,
				EBBF18931D74904A008E2001 /* Resources */,
				EB4880FC1D74AAB600EFC946 /* Frameworks */,
				EBBF18921D74904A008E2001 /* Products */,
				EB4EB19D1E3404F3007BCF09 /* CUGL.xcodeproj */,
				3DD694A226311CD400ABF60F /* Core Impact (iOS) copy-Info.plist */,
			);
			sourceTree = "<group>";
		};
		EBBF18921D74904A008E2001 /* Products */ = {
			isa = PBXGroup;
			children = (
				EBBF18911D74904A008E2001 /* Core Impact.app */,
				EB74548C1D74D75C002FBAE6 /* Core Impact.app */,
				EB0FF5FC2016EF4F00517030 /* Core Impact (Sim).app */,
				3DD6949E26311CD300ABF60F /* Core Impact (iOS) Release.app */,
			);
			name = Products;
			sourceTree = "<group>";
		};
		EBBF18931D74904A008E2001 /* Resources */ = {
			isa = PBXGroup;
			children = (
				EB42669221F68F6900A9DE61 /* DeviceMargins.plist */,
				EB7454A61D74D846002FBAE6 /* iOS-Info.plist */,
				EB7454A71D74D846002FBAE6 /* iOS.xcassets */,
				EB7454A81D74D846002FBAE6 /* Landscape.storyboard */,
				EBBF189A1D74904A008E2001 /* Mac.xcassets */,
				EBBF189F1D74904A008E2001 /* Mac-Info.plist */,
			);
			path = Resources;
			sourceTree = "<group>";
		};
		EBBF18B11D749176008E2001 /* Source */ = {
			isa = PBXGroup;
			children = (
				CAD792742624A699001CC6E8 /* Controller */,
				CAD792772624A774001CC6E8 /* Enum */,
				CA626E2F262743D200C4A68F /* Model */,
				CAD792732624A688001CC6E8 /* Network */,
				CA626E3D262743E900C4A68F /* Scene */,
				CA626E36262743E100C4A68F /* View */,
				EBFA528421FA5AAB00CCC2C5 /* CIApp.cpp */,
				EBFA528821FA5AAB00CCC2C5 /* CIApp.h */,
				EB2BE9B41D74952A002FE78B /* main.cpp */,
			);
			name = Source;
			path = ../source;
			sourceTree = "<group>";
		};
/* End PBXGroup section */

/* Begin PBXNativeTarget section */
		3DD6946826311CD300ABF60F /* Core Impact (iOS) Release */ = {
			isa = PBXNativeTarget;
			buildConfigurationList = 3DD6949B26311CD300ABF60F /* Build configuration list for PBXNativeTarget "Core Impact (iOS) Release" */;
			buildPhases = (
				3DD6946926311CD300ABF60F /* Sources */,
				3DD6948226311CD300ABF60F /* Frameworks */,
				3DD6949326311CD300ABF60F /* Resources */,
			);
			buildRules = (
			);
			dependencies = (
			);
			name = "Core Impact (iOS) Release";
			productName = "HelloWorld (iOS)";
			productReference = 3DD6949E26311CD300ABF60F /* Core Impact (iOS) Release.app */;
			productType = "com.apple.product-type.application";
		};
		EB0FF5FB2016EF4F00517030 /* Core Impact (Sim) */ = {
			isa = PBXNativeTarget;
			buildConfigurationList = EB0FF6162016EF4F00517030 /* Build configuration list for PBXNativeTarget "Core Impact (Sim)" */;
			buildPhases = (
				EB0FF5F82016EF4F00517030 /* Sources */,
				EB0FF5F92016EF4F00517030 /* Frameworks */,
				EB0FF5FA2016EF4F00517030 /* Resources */,
			);
			buildRules = (
			);
			dependencies = (
			);
			name = "Core Impact (Sim)";
			productName = "HelloWorld (Sim)";
			productReference = EB0FF5FC2016EF4F00517030 /* Core Impact (Sim).app */;
			productType = "com.apple.product-type.application";
		};
		EB74548B1D74D75C002FBAE6 /* Core Impact (iOS) */ = {
			isa = PBXNativeTarget;
			buildConfigurationList = EB7454A01D74D75C002FBAE6 /* Build configuration list for PBXNativeTarget "Core Impact (iOS)" */;
			buildPhases = (
				EB7454881D74D75C002FBAE6 /* Sources */,
				EB7454891D74D75C002FBAE6 /* Frameworks */,
				EB74548A1D74D75C002FBAE6 /* Resources */,
			);
			buildRules = (
			);
			dependencies = (
			);
			name = "Core Impact (iOS)";
			productName = "HelloWorld (iOS)";
			productReference = EB74548C1D74D75C002FBAE6 /* Core Impact.app */;
			productType = "com.apple.product-type.application";
		};
		EBBF18901D74904A008E2001 /* Core Impact (Mac) */ = {
			isa = PBXNativeTarget;
			buildConfigurationList = EBBF18A21D74904A008E2001 /* Build configuration list for PBXNativeTarget "Core Impact (Mac)" */;
			buildPhases = (
				EBBF188D1D74904A008E2001 /* Sources */,
				EBBF188E1D74904A008E2001 /* Frameworks */,
				EBBF188F1D74904A008E2001 /* Resources */,
			);
			buildRules = (
			);
			dependencies = (
			);
			name = "Core Impact (Mac)";
			productName = "HelloWorld (Mac)";
			productReference = EBBF18911D74904A008E2001 /* Core Impact.app */;
			productType = "com.apple.product-type.application";
		};
/* End PBXNativeTarget section */

/* Begin PBXProject section */
		EBBF18891D74904A008E2001 /* Project object */ = {
			isa = PBXProject;
			attributes = {
				LastUpgradeCheck = 1240;
				ORGANIZATIONNAME = "Game Design Initiative at Cornell";
				TargetAttributes = {
					3DD6946826311CD300ABF60F = {
						DevelopmentTeam = 779J4S35TN;
						ProvisioningStyle = Manual;
					};
					EB0FF5FB2016EF4F00517030 = {
						CreatedOnToolsVersion = 9.2;
						DevelopmentTeam = DRVCJ2J2CR;
						ProvisioningStyle = Automatic;
					};
					EB74548B1D74D75C002FBAE6 = {
						CreatedOnToolsVersion = 7.3.1;
						DevelopmentTeam = 779J4S35TN;
						ProvisioningStyle = Automatic;
					};
					EBBF18901D74904A008E2001 = {
						CreatedOnToolsVersion = 7.3.1;
						DevelopmentTeam = DRVCJ2J2CR;
					};
				};
			};
			buildConfigurationList = EBBF188C1D74904A008E2001 /* Build configuration list for PBXProject "CoreImpact" */;
			compatibilityVersion = "Xcode 3.2";
			developmentRegion = en;
			hasScannedForEncodings = 0;
			knownRegions = (
				en,
				Base,
			);
			mainGroup = EBBF18881D74904A008E2001;
			productRefGroup = EBBF18921D74904A008E2001 /* Products */;
			projectDirPath = "";
			projectReferences = (
				{
					ProductGroup = EB4EB19E1E3404F3007BCF09 /* Products */;
					ProjectRef = EB4EB19D1E3404F3007BCF09 /* CUGL.xcodeproj */;
				},
			);
			projectRoot = "";
			targets = (
				EBBF18901D74904A008E2001 /* Core Impact (Mac) */,
				EB74548B1D74D75C002FBAE6 /* Core Impact (iOS) */,
				EB0FF5FB2016EF4F00517030 /* Core Impact (Sim) */,
				3DD6946826311CD300ABF60F /* Core Impact (iOS) Release */,
			);
		};
/* End PBXProject section */

/* Begin PBXReferenceProxy section */
		EB0FF6152016EF4F00517030 /* libcugl-sim.a */ = {
			isa = PBXReferenceProxy;
			fileType = archive.ar;
			path = "libcugl-sim.a";
			remoteRef = EB0FF6142016EF4F00517030 /* PBXContainerItemProxy */;
			sourceTree = BUILT_PRODUCTS_DIR;
		};
		EB4EB1A41E3404F3007BCF09 /* libcugl-ios.a */ = {
			isa = PBXReferenceProxy;
			fileType = archive.ar;
			path = "libcugl-ios.a";
			remoteRef = EB4EB1A31E3404F3007BCF09 /* PBXContainerItemProxy */;
			sourceTree = BUILT_PRODUCTS_DIR;
		};
		EB4EB1A61E3404F3007BCF09 /* libcugl-mac.a */ = {
			isa = PBXReferenceProxy;
			fileType = archive.ar;
			path = "libcugl-mac.a";
			remoteRef = EB4EB1A51E3404F3007BCF09 /* PBXContainerItemProxy */;
			sourceTree = BUILT_PRODUCTS_DIR;
		};
/* End PBXReferenceProxy section */

/* Begin PBXResourcesBuildPhase section */
		3DD6949326311CD300ABF60F /* Resources */ = {
			isa = PBXResourcesBuildPhase;
			buildActionMask = 2147483647;
			files = (
				3DD6949426311CD300ABF60F /* textures in Resources */,
				3DD6949526311CD300ABF60F /* fonts in Resources */,
				3DD6949626311CD300ABF60F /* iOS.xcassets in Resources */,
				3DD6949726311CD300ABF60F /* Landscape.storyboard in Resources */,
				3DD6949826311CD300ABF60F /* json in Resources */,
				3DD6949926311CD300ABF60F /* widgets in Resources */,
				3DD6949A26311CD300ABF60F /* DeviceMargins.plist in Resources */,
			);
			runOnlyForDeploymentPostprocessing = 0;
		};
		EB0FF5FA2016EF4F00517030 /* Resources */ = {
			isa = PBXResourcesBuildPhase;
			buildActionMask = 2147483647;
			files = (
				EB0FF61A2016EFC500517030 /* json in Resources */,
				EB0FF61B2016EFC500517030 /* textures in Resources */,
				EB0FF61C2016EFC500517030 /* fonts in Resources */,
				EB0FF6172016EFB200517030 /* iOS.xcassets in Resources */,
				EB0FF6182016EFB200517030 /* Landscape.storyboard in Resources */,
				426951FC260FCE9D00E675E9 /* widgets in Resources */,
				EB42669721F68F6900A9DE61 /* DeviceMargins.plist in Resources */,
			);
			runOnlyForDeploymentPostprocessing = 0;
		};
		EB74548A1D74D75C002FBAE6 /* Resources */ = {
			isa = PBXResourcesBuildPhase;
			buildActionMask = 2147483647;
			files = (
				EB7454D01D750623002FBAE6 /* textures in Resources */,
				EB7454D11D750623002FBAE6 /* fonts in Resources */,
				EB7454AB1D74D846002FBAE6 /* iOS.xcassets in Resources */,
				EB7454AC1D74D846002FBAE6 /* Landscape.storyboard in Resources */,
				EBFE7C051E19B496001007C2 /* json in Resources */,
				426951FB260FCE9D00E675E9 /* widgets in Resources */,
				EB42669621F68F6900A9DE61 /* DeviceMargins.plist in Resources */,
			);
			runOnlyForDeploymentPostprocessing = 0;
		};
		EBBF188F1D74904A008E2001 /* Resources */ = {
			isa = PBXResourcesBuildPhase;
			buildActionMask = 2147483647;
			files = (
				EBFE7C091E19B4AC001007C2 /* json in Resources */,
				EB2BE9BB1D7498D2002FE78B /* textures in Resources */,
				EB2BE9B91D7498C9002FE78B /* fonts in Resources */,
				EBBF189B1D74904A008E2001 /* Mac.xcassets in Resources */,
				426951FA260FCE9D00E675E9 /* widgets in Resources */,
			);
			runOnlyForDeploymentPostprocessing = 0;
		};
/* End PBXResourcesBuildPhase section */

/* Begin PBXSourcesBuildPhase section */
		3DD6946926311CD300ABF60F /* Sources */ = {
			isa = PBXSourcesBuildPhase;
			buildActionMask = 2147483647;
			files = (
				3DD6946A26311CD300ABF60F /* CIApp.cpp in Sources */,
				3DD6946B26311CD300ABF60F /* CIMainMenu.cpp in Sources */,
				3DD6946C26311CD300ABF60F /* CIOpponentNode.cpp in Sources */,
				3DD6946D26311CD300ABF60F /* main.cpp in Sources */,
				3DD6946E26311CD300ABF60F /* CIGameUpdateManager.cpp in Sources */,
				3DD6946F26311CD300ABF60F /* CILobbyMenu.cpp in Sources */,
				3DD6947026311CD300ABF60F /* CIPlanetModel.cpp in Sources */,
				3DD6947126311CD300ABF60F /* CIStardustModel.cpp in Sources */,
				3DD6947226311CD300ABF60F /* CIInputController.cpp in Sources */,
				0A7E0814263BA579001540FB /* CITutorialScene.cpp in Sources */,
				3DD6947426311CD300ABF60F /* CINetworkMessageManager.cpp in Sources */,
				3DD6947526311CD300ABF60F /* CICollisionController.cpp in Sources */,
				3DD6947626311CD300ABF60F /* CIOpponentPlanet.cpp in Sources */,
				3DD6947726311CD300ABF60F /* CIGameUpdate.cpp in Sources */,
				3DD6947826311CD300ABF60F /* CIStardustNode.cpp in Sources */,
				3DD6947926311CD300ABF60F /* CISettingsMenu.cpp in Sources */,
				3DD6947A26311CD300ABF60F /* CIPlanetNode.cpp in Sources */,
				3DD6947B26311CD300ABF60F /* CIStardustQueue.cpp in Sources */,
				3DD6947C26311CD300ABF60F /* CILoadingScene.cpp in Sources */,
				3DD6947D26311CD300ABF60F /* CIJoinMenu.cpp in Sources */,
				3DD6947E26311CD300ABF60F /* CINetworkUtils.cpp in Sources */,
				3DD6947F26311CD300ABF60F /* CIGameScene.cpp in Sources */,
				3DD6948026311CD300ABF60F /* CIMenuScene.cpp in Sources */,
				3DD6948126311CD300ABF60F /* CIWinScene.cpp in Sources */,
			);
			runOnlyForDeploymentPostprocessing = 0;
		};
		EB0FF5F82016EF4F00517030 /* Sources */ = {
			isa = PBXSourcesBuildPhase;
			buildActionMask = 2147483647;
			files = (
				EBFA529C21FA5D0C00CCC2C5 /* CIApp.cpp in Sources */,
				CA525029261FEDBF00854B7B /* CIMainMenu.cpp in Sources */,
				0A7E0813263BA578001540FB /* CITutorialScene.cpp in Sources */,
				CA5B0F472617F05200859BEF /* CIOpponentNode.cpp in Sources */,
				CADCA31225FE9AEE0048FCA1 /* CIPlanetNode.cpp in Sources */,
				3D94040925FFC52400043357 /* CIGameUpdateManager.cpp in Sources */,
				CA52502C261FEDBF00854B7B /* CILobbyMenu.cpp in Sources */,
				EB0FF61D2016F06000517030 /* main.cpp in Sources */,
				3DA35B6C262E6C1300A578DF /* CIPlanetProgressNode.cpp in Sources */,
				3D563B9F25F0AF01006641B1 /* CIPlanetModel.cpp in Sources */,
				CA9A2DD325EDBD6A0048D02F /* CIStardustModel.cpp in Sources */,
				3DCF910C2606538300B97FA1 /* CINetworkMessageManager.cpp in Sources */,
				3DCE833A25FDC3B8007EBA2D /* CIGameUpdate.cpp in Sources */,
				CA80926426123A8300599B99 /* CIOpponentPlanet.cpp in Sources */,
				EBFA52A221FA5D1700CCC2C5 /* CIInputController.cpp in Sources */,
				CA68E30D25F53BC200B4617D /* CICollisionController.cpp in Sources */,
				42B54D5E261B8C110097D816 /* CISettingsMenu.cpp in Sources */,
				0A5AFADB25F0B5320003669C /* CIStardustNode.cpp in Sources */,
				0A5AFADE25F0B5320003669C /* CIStardustQueue.cpp in Sources */,
				EBFA529E21FA5D1000CCC2C5 /* CILoadingScene.cpp in Sources */,
				42B54D69261B97110097D816 /* CIJoinMenu.cpp in Sources */,
				3DCF91202607B5B600B97FA1 /* CINetworkUtils.cpp in Sources */,
				EBFA52A021FA5D1300CCC2C5 /* CIGameScene.cpp in Sources */,
				426951F2260FCE5000E675E9 /* CIMenuScene.cpp in Sources */,
				3DA35B1E262B56A500A578DF /* CIWinScene.cpp in Sources */,
			);
			runOnlyForDeploymentPostprocessing = 0;
		};
		EB7454881D74D75C002FBAE6 /* Sources */ = {
			isa = PBXSourcesBuildPhase;
			buildActionMask = 2147483647;
			files = (
				EBFA529821FA5D0C00CCC2C5 /* CIApp.cpp in Sources */,
				CA525028261FEDBF00854B7B /* CIMainMenu.cpp in Sources */,
				0A7E0812263BA578001540FB /* CITutorialScene.cpp in Sources */,
				CA5B0F462617F05200859BEF /* CIOpponentNode.cpp in Sources */,
				EB7454AE1D74D891002FBAE6 /* main.cpp in Sources */,
				3D94040825FFC52400043357 /* CIGameUpdateManager.cpp in Sources */,
				CA52502B261FEDBF00854B7B /* CILobbyMenu.cpp in Sources */,
				3D563B9E25F0AF01006641B1 /* CIPlanetModel.cpp in Sources */,
				3DA35B6B262E6C1300A578DF /* CIPlanetProgressNode.cpp in Sources */,
				CA9A2DD225EDBD6A0048D02F /* CIStardustModel.cpp in Sources */,
				EBFA52A121FA5D1700CCC2C5 /* CIInputController.cpp in Sources */,
				3DCF910B2606538300B97FA1 /* CINetworkMessageManager.cpp in Sources */,
				CA68E30C25F53BC200B4617D /* CICollisionController.cpp in Sources */,
				CA80926326123A8300599B99 /* CIOpponentPlanet.cpp in Sources */,
				3DCE833925FDC3B8007EBA2D /* CIGameUpdate.cpp in Sources */,
				0A5AFADA25F0B5320003669C /* CIStardustNode.cpp in Sources */,
				42B54D5D261B8C110097D816 /* CISettingsMenu.cpp in Sources */,
				3D563BF925F6D5B7006641B1 /* CIPlanetNode.cpp in Sources */,
				0A5AFADD25F0B5320003669C /* CIStardustQueue.cpp in Sources */,
				EBFA529D21FA5D0F00CCC2C5 /* CILoadingScene.cpp in Sources */,
				42B54D68261B97110097D816 /* CIJoinMenu.cpp in Sources */,
				3DCF911F2607B5B600B97FA1 /* CINetworkUtils.cpp in Sources */,
				EBFA529F21FA5D1300CCC2C5 /* CIGameScene.cpp in Sources */,
				426951F1260FCE5000E675E9 /* CIMenuScene.cpp in Sources */,
				3DA35B1D262B56A500A578DF /* CIWinScene.cpp in Sources */,
			);
			runOnlyForDeploymentPostprocessing = 0;
		};
		EBBF188D1D74904A008E2001 /* Sources */ = {
			isa = PBXSourcesBuildPhase;
			buildActionMask = 2147483647;
			files = (
				EBFA528F21FA5AAC00CCC2C5 /* CIGameScene.cpp in Sources */,
				CA525027261FEDBF00854B7B /* CIMainMenu.cpp in Sources */,
				0A7E0811263BA578001540FB /* CITutorialScene.cpp in Sources */,
				CA5B0F452617F05200859BEF /* CIOpponentNode.cpp in Sources */,
				EBFA529021FA5AAC00CCC2C5 /* CIInputController.cpp in Sources */,
				3D94040725FFC52400043357 /* CIGameUpdateManager.cpp in Sources */,
				CA52502A261FEDBF00854B7B /* CILobbyMenu.cpp in Sources */,
				3D563B9D25F0AF01006641B1 /* CIPlanetModel.cpp in Sources */,
				3DA35B6A262E6C1300A578DF /* CIPlanetProgressNode.cpp in Sources */,
				CA9A2DD125EDBD6A0048D02F /* CIStardustModel.cpp in Sources */,
				EBFA528D21FA5AAC00CCC2C5 /* CIApp.cpp in Sources */,
				3DCF910A2606538200B97FA1 /* CINetworkMessageManager.cpp in Sources */,
				CA68E30B25F53BC200B4617D /* CICollisionController.cpp in Sources */,
				CA80926226123A8300599B99 /* CIOpponentPlanet.cpp in Sources */,
				3DCE833825FDC3B8007EBA2D /* CIGameUpdate.cpp in Sources */,
				0A5AFAD925F0B5320003669C /* CIStardustNode.cpp in Sources */,
				42B54D5C261B8C110097D816 /* CISettingsMenu.cpp in Sources */,
				3D563BF825F6D5B7006641B1 /* CIPlanetNode.cpp in Sources */,
				0A5AFADC25F0B5320003669C /* CIStardustQueue.cpp in Sources */,
				EBFA528C21FA5AAC00CCC2C5 /* CILoadingScene.cpp in Sources */,
				42B54D67261B97110097D816 /* CIJoinMenu.cpp in Sources */,
				3DCF911E2607B5B600B97FA1 /* CINetworkUtils.cpp in Sources */,
				EB2BE9B61D74952A002FE78B /* main.cpp in Sources */,
				426951F0260FCE5000E675E9 /* CIMenuScene.cpp in Sources */,
				3DA35B1C262B56A500A578DF /* CIWinScene.cpp in Sources */,
			);
			runOnlyForDeploymentPostprocessing = 0;
		};
/* End PBXSourcesBuildPhase section */

/* Begin XCBuildConfiguration section */
		3DD6949C26311CD300ABF60F /* Debug */ = {
			isa = XCBuildConfiguration;
			buildSettings = {
				ASSETCATALOG_COMPILER_APPICON_NAME = AppIcon;
				CLANG_CXX_LANGUAGE_STANDARD = "c++17";
				CLANG_ENABLE_MODULES = YES;
				CLANG_ENABLE_OBJC_ARC = YES;
				CODE_SIGN_IDENTITY = "iPhone Distribution";
				"CODE_SIGN_IDENTITY[sdk=iphoneos*]" = "Apple Distribution";
				CODE_SIGN_STYLE = Manual;
				DEVELOPMENT_TEAM = 779J4S35TN;
				ENABLE_BITCODE = NO;
				GCC_C_LANGUAGE_STANDARD = gnu99;
				INFOPLIST_FILE = "Core Impact (iOS) copy-Info.plist";
				IPHONEOS_DEPLOYMENT_TARGET = 12.1;
				LD_RUNPATH_SEARCH_PATHS = "$(inherited) @executable_path/Frameworks";
				ONLY_ACTIVE_ARCH = NO;
				PRODUCT_BUNDLE_IDENTIFIER = dev.ellipsis.coreimpact;
				PRODUCT_NAME = "$(TARGET_NAME)";
				PROVISIONING_PROFILE_SPECIFIER = "Core Impact";
				SDKROOT = iphoneos;
				SKIP_INSTALL = NO;
				TARGETED_DEVICE_FAMILY = "1,2";
			};
			name = Debug;
		};
		3DD6949D26311CD300ABF60F /* Release */ = {
			isa = XCBuildConfiguration;
			buildSettings = {
				ASSETCATALOG_COMPILER_APPICON_NAME = AppIcon;
				CLANG_CXX_LANGUAGE_STANDARD = "c++17";
				CLANG_ENABLE_MODULES = YES;
				CLANG_ENABLE_OBJC_ARC = YES;
				CODE_SIGN_IDENTITY = "iPhone Distribution";
				"CODE_SIGN_IDENTITY[sdk=iphoneos*]" = "Apple Distribution";
				CODE_SIGN_STYLE = Manual;
				DEVELOPMENT_TEAM = 779J4S35TN;
				ENABLE_BITCODE = NO;
				GCC_C_LANGUAGE_STANDARD = gnu99;
				INFOPLIST_FILE = "Core Impact (iOS) copy-Info.plist";
				IPHONEOS_DEPLOYMENT_TARGET = 12.1;
				LD_RUNPATH_SEARCH_PATHS = "$(inherited) @executable_path/Frameworks";
				ONLY_ACTIVE_ARCH = NO;
				PRODUCT_BUNDLE_IDENTIFIER = dev.ellipsis.coreimpact;
				PRODUCT_NAME = "$(TARGET_NAME)";
				PROVISIONING_PROFILE_SPECIFIER = "Core Impact";
				SDKROOT = iphoneos;
				SKIP_INSTALL = NO;
				TARGETED_DEVICE_FAMILY = "1,2";
				VALIDATE_PRODUCT = YES;
			};
			name = Release;
		};
		EB0FF60F2016EF4F00517030 /* Debug */ = {
			isa = XCBuildConfiguration;
			buildSettings = {
				ASSETCATALOG_COMPILER_APPICON_NAME = AppIcon;
				CLANG_ANALYZER_NUMBER_OBJECT_CONVERSION = YES_AGGRESSIVE;
				CLANG_CXX_LANGUAGE_STANDARD = "c++17";
				CLANG_ENABLE_MODULES = YES;
				CLANG_ENABLE_OBJC_ARC = YES;
				CLANG_WARN_BLOCK_CAPTURE_AUTORELEASING = YES;
				CLANG_WARN_COMMA = YES;
				CLANG_WARN_INFINITE_RECURSION = YES;
				CLANG_WARN_NON_LITERAL_NULL_CONVERSION = YES;
				CLANG_WARN_OBJC_LITERAL_CONVERSION = YES;
				CLANG_WARN_RANGE_LOOP_ANALYSIS = YES;
				CLANG_WARN_STRICT_PROTOTYPES = YES;
				CLANG_WARN_SUSPICIOUS_MOVE = YES;
				CLANG_WARN_UNGUARDED_AVAILABILITY = YES_AGGRESSIVE;
				CODE_SIGN_IDENTITY = "Apple Development";
				"CODE_SIGN_IDENTITY[sdk=iphoneos*]" = "iPhone Developer";
				CODE_SIGN_STYLE = Automatic;
				DEVELOPMENT_TEAM = DRVCJ2J2CR;
				GCC_C_LANGUAGE_STANDARD = gnu11;
				GCC_DYNAMIC_NO_PIC = NO;
				INFOPLIST_FILE = "$(SRCROOT)/Resources/iOS-Info.plist";
				IPHONEOS_DEPLOYMENT_TARGET = 12.1;
				LD_RUNPATH_SEARCH_PATHS = "$(inherited) @executable_path/Frameworks";
				LIBRARY_SEARCH_PATHS = "$(STATIC_LIB)";
				PRODUCT_BUNDLE_IDENTIFIER = dev.ellipsis.coreimpact;
				PROVISIONING_PROFILE_SPECIFIER = "";
				SDKROOT = iphoneos;
				TARGETED_DEVICE_FAMILY = "1,2";
			};
			name = Debug;
		};
		EB0FF6102016EF4F00517030 /* Release */ = {
			isa = XCBuildConfiguration;
			buildSettings = {
				ASSETCATALOG_COMPILER_APPICON_NAME = AppIcon;
				CLANG_ANALYZER_NUMBER_OBJECT_CONVERSION = YES_AGGRESSIVE;
				CLANG_CXX_LANGUAGE_STANDARD = "c++17";
				CLANG_ENABLE_MODULES = YES;
				CLANG_ENABLE_OBJC_ARC = YES;
				CLANG_WARN_BLOCK_CAPTURE_AUTORELEASING = YES;
				CLANG_WARN_COMMA = YES;
				CLANG_WARN_INFINITE_RECURSION = YES;
				CLANG_WARN_NON_LITERAL_NULL_CONVERSION = YES;
				CLANG_WARN_OBJC_LITERAL_CONVERSION = YES;
				CLANG_WARN_RANGE_LOOP_ANALYSIS = YES;
				CLANG_WARN_STRICT_PROTOTYPES = YES;
				CLANG_WARN_SUSPICIOUS_MOVE = YES;
				CLANG_WARN_UNGUARDED_AVAILABILITY = YES_AGGRESSIVE;
				CODE_SIGN_IDENTITY = "Apple Development";
				"CODE_SIGN_IDENTITY[sdk=iphoneos*]" = "iPhone Developer";
				CODE_SIGN_STYLE = Automatic;
				DEVELOPMENT_TEAM = DRVCJ2J2CR;
				GCC_C_LANGUAGE_STANDARD = gnu11;
				INFOPLIST_FILE = "$(SRCROOT)/Resources/iOS-Info.plist";
				IPHONEOS_DEPLOYMENT_TARGET = 12.1;
				LD_RUNPATH_SEARCH_PATHS = "$(inherited) @executable_path/Frameworks";
				LIBRARY_SEARCH_PATHS = "$(STATIC_LIB)";
				PRODUCT_BUNDLE_IDENTIFIER = dev.ellipsis.coreimpact;
				PROVISIONING_PROFILE_SPECIFIER = "";
				SDKROOT = iphoneos;
				TARGETED_DEVICE_FAMILY = "1,2";
				VALIDATE_PRODUCT = YES;
			};
			name = Release;
		};
		EB7454A11D74D75C002FBAE6 /* Debug */ = {
			isa = XCBuildConfiguration;
			buildSettings = {
				ASSETCATALOG_COMPILER_APPICON_NAME = AppIcon;
				CLANG_CXX_LANGUAGE_STANDARD = "c++17";
				CLANG_ENABLE_MODULES = YES;
				CLANG_ENABLE_OBJC_ARC = YES;
				CODE_SIGN_IDENTITY = "Apple Development";
				"CODE_SIGN_IDENTITY[sdk=iphoneos*]" = "Apple Development";
				CODE_SIGN_STYLE = Automatic;
				DEVELOPMENT_TEAM = "";
				ENABLE_BITCODE = NO;
				GCC_C_LANGUAGE_STANDARD = gnu99;
				INFOPLIST_FILE = "$(SRCROOT)/Resources/iOS-Info.plist";
				IPHONEOS_DEPLOYMENT_TARGET = 12.1;
				LD_RUNPATH_SEARCH_PATHS = "$(inherited) @executable_path/Frameworks";
				ONLY_ACTIVE_ARCH = NO;
				PRODUCT_BUNDLE_IDENTIFIER = dev.ellipsis.coreimpact;
				PRODUCT_NAME = "Core Impact";
				PROVISIONING_PROFILE_SPECIFIER = "";
				SDKROOT = iphoneos;
				SKIP_INSTALL = NO;
				TARGETED_DEVICE_FAMILY = "1,2";
			};
			name = Debug;
		};
		EB7454A21D74D75C002FBAE6 /* Release */ = {
			isa = XCBuildConfiguration;
			buildSettings = {
				ASSETCATALOG_COMPILER_APPICON_NAME = AppIcon;
				CLANG_CXX_LANGUAGE_STANDARD = "c++17";
				CLANG_ENABLE_MODULES = YES;
				CLANG_ENABLE_OBJC_ARC = YES;
				CODE_SIGN_IDENTITY = "Apple Development";
				"CODE_SIGN_IDENTITY[sdk=iphoneos*]" = "Apple Development";
				CODE_SIGN_STYLE = Automatic;
				DEVELOPMENT_TEAM = "";
				ENABLE_BITCODE = NO;
				GCC_C_LANGUAGE_STANDARD = gnu99;
				INFOPLIST_FILE = "$(SRCROOT)/Resources/iOS-Info.plist";
				IPHONEOS_DEPLOYMENT_TARGET = 12.1;
				LD_RUNPATH_SEARCH_PATHS = "$(inherited) @executable_path/Frameworks";
				ONLY_ACTIVE_ARCH = NO;
				PRODUCT_BUNDLE_IDENTIFIER = dev.ellipsis.coreimpact;
				PRODUCT_NAME = "Core Impact";
				PROVISIONING_PROFILE_SPECIFIER = "";
				SDKROOT = iphoneos;
				SKIP_INSTALL = NO;
				TARGETED_DEVICE_FAMILY = "1,2";
				VALIDATE_PRODUCT = YES;
			};
			name = Release;
		};
		EBBF18A01D74904A008E2001 /* Debug */ = {
			isa = XCBuildConfiguration;
			buildSettings = {
				ALWAYS_SEARCH_USER_PATHS = NO;
				CLANG_ANALYZER_LOCALIZABILITY_NONLOCALIZED = YES;
				CLANG_ANALYZER_NONNULL = YES;
				CLANG_CXX_LANGUAGE_STANDARD = "c++17";
				CLANG_CXX_LIBRARY = "compiler-default";
				CLANG_ENABLE_MODULES = NO;
				CLANG_ENABLE_OBJC_ARC = NO;
				CLANG_WARN_BLOCK_CAPTURE_AUTORELEASING = YES;
				CLANG_WARN_BOOL_CONVERSION = YES;
				CLANG_WARN_COMMA = YES;
				CLANG_WARN_CONSTANT_CONVERSION = YES;
				CLANG_WARN_DEPRECATED_OBJC_IMPLEMENTATIONS = YES;
				CLANG_WARN_DIRECT_OBJC_ISA_USAGE = YES_ERROR;
				CLANG_WARN_DOCUMENTATION_COMMENTS = NO;
				CLANG_WARN_EMPTY_BODY = YES;
				CLANG_WARN_ENUM_CONVERSION = YES;
				CLANG_WARN_INFINITE_RECURSION = YES;
				CLANG_WARN_INT_CONVERSION = YES;
				CLANG_WARN_NON_LITERAL_NULL_CONVERSION = YES;
				CLANG_WARN_OBJC_IMPLICIT_RETAIN_SELF = YES;
				CLANG_WARN_OBJC_LITERAL_CONVERSION = YES;
				CLANG_WARN_OBJC_ROOT_CLASS = YES_ERROR;
				CLANG_WARN_QUOTED_INCLUDE_IN_FRAMEWORK_HEADER = YES;
				CLANG_WARN_RANGE_LOOP_ANALYSIS = YES;
				CLANG_WARN_STRICT_PROTOTYPES = YES;
				CLANG_WARN_SUSPICIOUS_MOVE = YES;
				CLANG_WARN_UNREACHABLE_CODE = YES;
				CLANG_WARN__DUPLICATE_METHOD_MATCH = YES;
				CODE_SIGN_IDENTITY = "-";
				COPY_PHASE_STRIP = NO;
				CUGL_INCLUDES = "\"$(SRCROOT)/../cugl/include\"";
				CURRENT_PROJECT_VERSION = 1;
				DEBUG_INFORMATION_FORMAT = dwarf;
				ENABLE_STRICT_OBJC_MSGSEND = YES;
				ENABLE_TESTABILITY = YES;
				GCC_C_LANGUAGE_STANDARD = "compiler-default";
				GCC_NO_COMMON_BLOCKS = YES;
				GCC_OPTIMIZATION_LEVEL = 0;
				GCC_PREPROCESSOR_DEFINITIONS = (
					"DEBUG=1",
					"$(inherited)",
				);
				GCC_SYMBOLS_PRIVATE_EXTERN = YES;
				GCC_WARN_64_TO_32_BIT_CONVERSION = YES;
				GCC_WARN_ABOUT_RETURN_TYPE = YES_ERROR;
				GCC_WARN_UNDECLARED_SELECTOR = YES;
				GCC_WARN_UNINITIALIZED_AUTOS = YES_AGGRESSIVE;
				GCC_WARN_UNUSED_FUNCTION = YES;
				GCC_WARN_UNUSED_VARIABLE = YES;
				HEADER_SEARCH_PATHS = "$(CUGL_INCLUDES)";
				IPHONEOS_DEPLOYMENT_TARGET = 11.4;
				MACOSX_DEPLOYMENT_TARGET = 10.14;
				MTL_ENABLE_DEBUG_INFO = YES;
				ONLY_ACTIVE_ARCH = YES;
				PRODUCT_NAME = "$(TARGET_NAME)";
				SDKROOT = macosx;
				VALIDATE_WORKSPACE_SKIPPED_SDK_FRAMEWORKS = "OpenGLES OpenGL";
				VERSIONING_SYSTEM = "apple-generic";
			};
			name = Debug;
		};
		EBBF18A11D74904A008E2001 /* Release */ = {
			isa = XCBuildConfiguration;
			buildSettings = {
				ALWAYS_SEARCH_USER_PATHS = NO;
				CLANG_ANALYZER_LOCALIZABILITY_NONLOCALIZED = YES;
				CLANG_ANALYZER_NONNULL = YES;
				CLANG_CXX_LANGUAGE_STANDARD = "c++17";
				CLANG_CXX_LIBRARY = "compiler-default";
				CLANG_ENABLE_MODULES = NO;
				CLANG_ENABLE_OBJC_ARC = NO;
				CLANG_WARN_BLOCK_CAPTURE_AUTORELEASING = YES;
				CLANG_WARN_BOOL_CONVERSION = YES;
				CLANG_WARN_COMMA = YES;
				CLANG_WARN_CONSTANT_CONVERSION = YES;
				CLANG_WARN_DEPRECATED_OBJC_IMPLEMENTATIONS = YES;
				CLANG_WARN_DIRECT_OBJC_ISA_USAGE = YES_ERROR;
				CLANG_WARN_DOCUMENTATION_COMMENTS = NO;
				CLANG_WARN_EMPTY_BODY = YES;
				CLANG_WARN_ENUM_CONVERSION = YES;
				CLANG_WARN_INFINITE_RECURSION = YES;
				CLANG_WARN_INT_CONVERSION = YES;
				CLANG_WARN_NON_LITERAL_NULL_CONVERSION = YES;
				CLANG_WARN_OBJC_IMPLICIT_RETAIN_SELF = YES;
				CLANG_WARN_OBJC_LITERAL_CONVERSION = YES;
				CLANG_WARN_OBJC_ROOT_CLASS = YES_ERROR;
				CLANG_WARN_QUOTED_INCLUDE_IN_FRAMEWORK_HEADER = YES;
				CLANG_WARN_RANGE_LOOP_ANALYSIS = YES;
				CLANG_WARN_STRICT_PROTOTYPES = YES;
				CLANG_WARN_SUSPICIOUS_MOVE = YES;
				CLANG_WARN_UNREACHABLE_CODE = YES;
				CLANG_WARN__DUPLICATE_METHOD_MATCH = YES;
				CODE_SIGN_IDENTITY = "-";
				COPY_PHASE_STRIP = NO;
				CUGL_INCLUDES = "\"$(SRCROOT)/../cugl/include\"";
				CURRENT_PROJECT_VERSION = 1;
				DEBUG_INFORMATION_FORMAT = "dwarf-with-dsym";
				ENABLE_NS_ASSERTIONS = NO;
				ENABLE_STRICT_OBJC_MSGSEND = YES;
				GCC_C_LANGUAGE_STANDARD = "compiler-default";
				GCC_NO_COMMON_BLOCKS = YES;
				GCC_SYMBOLS_PRIVATE_EXTERN = YES;
				GCC_WARN_64_TO_32_BIT_CONVERSION = YES;
				GCC_WARN_ABOUT_RETURN_TYPE = YES_ERROR;
				GCC_WARN_UNDECLARED_SELECTOR = YES;
				GCC_WARN_UNINITIALIZED_AUTOS = YES_AGGRESSIVE;
				GCC_WARN_UNUSED_FUNCTION = YES;
				GCC_WARN_UNUSED_VARIABLE = YES;
				HEADER_SEARCH_PATHS = "$(CUGL_INCLUDES)";
				IPHONEOS_DEPLOYMENT_TARGET = 11.4;
				MACOSX_DEPLOYMENT_TARGET = 10.14;
				MTL_ENABLE_DEBUG_INFO = NO;
				PRODUCT_NAME = "$(TARGET_NAME)";
				SDKROOT = macosx;
				VALIDATE_WORKSPACE_SKIPPED_SDK_FRAMEWORKS = "OpenGLES OpenGL";
				VERSIONING_SYSTEM = "apple-generic";
			};
			name = Release;
		};
		EBBF18A31D74904A008E2001 /* Debug */ = {
			isa = XCBuildConfiguration;
			buildSettings = {
				ASSETCATALOG_COMPILER_APPICON_NAME = AppIcon;
				CLANG_ENABLE_OBJC_WEAK = YES;
				CODE_SIGN_IDENTITY = "-";
				COMBINE_HIDPI_IMAGES = YES;
				DEVELOPMENT_TEAM = DRVCJ2J2CR;
				INFOPLIST_FILE = "$(SRCROOT)/Resources/Mac-Info.plist";
				LD_RUNPATH_SEARCH_PATHS = "$(inherited) @executable_path/../Frameworks";
				PRODUCT_BUNDLE_IDENTIFIER = dev.ellipsis.coreimpact;
				PRODUCT_NAME = "Core Impact";
			};
			name = Debug;
		};
		EBBF18A41D74904A008E2001 /* Release */ = {
			isa = XCBuildConfiguration;
			buildSettings = {
				ASSETCATALOG_COMPILER_APPICON_NAME = AppIcon;
				CLANG_ENABLE_OBJC_WEAK = YES;
				CODE_SIGN_IDENTITY = "-";
				COMBINE_HIDPI_IMAGES = YES;
				DEVELOPMENT_TEAM = DRVCJ2J2CR;
				INFOPLIST_FILE = "$(SRCROOT)/Resources/Mac-Info.plist";
				LD_RUNPATH_SEARCH_PATHS = "$(inherited) @executable_path/../Frameworks";
				PRODUCT_BUNDLE_IDENTIFIER = dev.ellipsis.coreimpact;
				PRODUCT_NAME = "Core Impact";
			};
			name = Release;
		};
/* End XCBuildConfiguration section */

/* Begin XCConfigurationList section */
		3DD6949B26311CD300ABF60F /* Build configuration list for PBXNativeTarget "Core Impact (iOS) Release" */ = {
			isa = XCConfigurationList;
			buildConfigurations = (
				3DD6949C26311CD300ABF60F /* Debug */,
				3DD6949D26311CD300ABF60F /* Release */,
			);
			defaultConfigurationIsVisible = 0;
			defaultConfigurationName = Release;
		};
		EB0FF6162016EF4F00517030 /* Build configuration list for PBXNativeTarget "Core Impact (Sim)" */ = {
			isa = XCConfigurationList;
			buildConfigurations = (
				EB0FF60F2016EF4F00517030 /* Debug */,
				EB0FF6102016EF4F00517030 /* Release */,
			);
			defaultConfigurationIsVisible = 0;
			defaultConfigurationName = Release;
		};
		EB7454A01D74D75C002FBAE6 /* Build configuration list for PBXNativeTarget "Core Impact (iOS)" */ = {
			isa = XCConfigurationList;
			buildConfigurations = (
				EB7454A11D74D75C002FBAE6 /* Debug */,
				EB7454A21D74D75C002FBAE6 /* Release */,
			);
			defaultConfigurationIsVisible = 0;
			defaultConfigurationName = Release;
		};
		EBBF188C1D74904A008E2001 /* Build configuration list for PBXProject "CoreImpact" */ = {
			isa = XCConfigurationList;
			buildConfigurations = (
				EBBF18A01D74904A008E2001 /* Debug */,
				EBBF18A11D74904A008E2001 /* Release */,
			);
			defaultConfigurationIsVisible = 0;
			defaultConfigurationName = Release;
		};
		EBBF18A21D74904A008E2001 /* Build configuration list for PBXNativeTarget "Core Impact (Mac)" */ = {
			isa = XCConfigurationList;
			buildConfigurations = (
				EBBF18A31D74904A008E2001 /* Debug */,
				EBBF18A41D74904A008E2001 /* Release */,
			);
			defaultConfigurationIsVisible = 0;
			defaultConfigurationName = Release;
		};
/* End XCConfigurationList section */
	};
	rootObject = EBBF18891D74904A008E2001 /* Project object */;
}
