<?xml version="1.0" encoding="utf-8"?>
<Project ToolsVersion="4.0" xmlns="http://schemas.microsoft.com/developer/msbuild/2003">
  <ItemGroup>
    <Filter Include="Source Files">
      <UniqueIdentifier>{4FC737F1-C7A5-4376-A066-2A32D752A2FF}</UniqueIdentifier>
      <Extensions>cpp;c;cc;cxx;def;odl;idl;hpj;bat;asm;asmx</Extensions>
    </Filter>
    <Filter Include="Header Files">
      <UniqueIdentifier>{93995380-89BD-4b04-88EB-625FBE52EBFB}</UniqueIdentifier>
      <Extensions>h;hh;hpp;hxx;hm;inl;inc;xsd</Extensions>
    </Filter>
    <Filter Include="Resource Files">
      <UniqueIdentifier>{67DA6AB6-F800-4c08-8B7A-83BB121AAD01}</UniqueIdentifier>
      <Extensions>rc;ico;cur;bmp;dlg;rc2;rct;bin;rgs;gif;jpg;jpeg;jpe;resx;tiff;tif;png;wav;mfcribbon-ms</Extensions>
    </Filter>
    <Filter Include="Header Files\Controller">
      <UniqueIdentifier>{e3cff61c-135c-49ff-826d-7b97c4bdee7b}</UniqueIdentifier>
    </Filter>
    <Filter Include="Header Files\Model">
      <UniqueIdentifier>{aa2dd992-4de9-4e26-97ca-84f7f568815e}</UniqueIdentifier>
    </Filter>
    <Filter Include="Header Files\Enum">
      <UniqueIdentifier>{ef95bd74-00cc-44fb-9367-0e207865ca19}</UniqueIdentifier>
    </Filter>
    <Filter Include="Header Files\Scene">
      <UniqueIdentifier>{f3facb96-22ee-4b6f-8df2-799cf8a617e4}</UniqueIdentifier>
    </Filter>
    <Filter Include="Header Files\View">
      <UniqueIdentifier>{30babda6-5151-4669-a18b-45e2ef14c582}</UniqueIdentifier>
    </Filter>
    <Filter Include="Source Files\Network">
      <UniqueIdentifier>{da45dc7b-da9e-41af-b7ad-b24cbf589e22}</UniqueIdentifier>
    </Filter>
    <Filter Include="Source Files\View">
      <UniqueIdentifier>{90902ef1-9ad2-434c-8f13-1a18e9b1f081}</UniqueIdentifier>
    </Filter>
    <Filter Include="Source Files\Controller">
      <UniqueIdentifier>{8bc14953-f68b-4479-8942-4bcf832e7c27}</UniqueIdentifier>
    </Filter>
    <Filter Include="Source Files\Model">
      <UniqueIdentifier>{bdb5d1b0-2305-49ea-94fe-d51c39abea5d}</UniqueIdentifier>
    </Filter>
    <Filter Include="Source Files\Scene">
      <UniqueIdentifier>{54958757-f07b-4685-ac28-708d1ea74f19}</UniqueIdentifier>
    </Filter>
    <Filter Include="Header Files\Scene\Menu">
      <UniqueIdentifier>{39e5bc81-1851-4058-8983-6d28e31efd8b}</UniqueIdentifier>
    </Filter>
    <Filter Include="Header Files\Network">
      <UniqueIdentifier>{4d7d0c5d-bc2d-469b-a7b2-cf0e8b24e393}</UniqueIdentifier>
    </Filter>
    <Filter Include="Source Files\Scene\Menu">
      <UniqueIdentifier>{ce185814-f184-4292-82a4-f5e0b9837ae1}</UniqueIdentifier>
    </Filter>
  </ItemGroup>
  <ItemGroup>
    <ClInclude Include="resource.h">
      <Filter>Header Files</Filter>
    </ClInclude>
    <ClInclude Include="..\..\source\CIApp.h">
      <Filter>Header Files</Filter>
    </ClInclude>
    <ClInclude Include="..\..\source\CIStardustModel.h">
      <Filter>Header Files\Model</Filter>
    </ClInclude>
    <ClInclude Include="..\..\source\CIPlanetModel.h">
      <Filter>Header Files\Model</Filter>
    </ClInclude>
    <ClInclude Include="..\..\source\CICollisionController.h">
      <Filter>Header Files\Controller</Filter>
    </ClInclude>
    <ClInclude Include="..\..\source\CIGameScene.h">
      <Filter>Header Files\Scene</Filter>
    </ClInclude>
    <ClInclude Include="..\..\source\CILoadingScene.h">
      <Filter>Header Files\Scene</Filter>
    </ClInclude>
    <ClInclude Include="..\..\source\CIGameState.h">
      <Filter>Header Files\Enum</Filter>
    </ClInclude>
    <ClInclude Include="..\..\source\CIGameUpdate.h">
      <Filter>Header Files\Network</Filter>
    </ClInclude>
    <ClInclude Include="..\..\source\CIGameUpdateManager.h">
      <Filter>Header Files\Network</Filter>
    </ClInclude>
    <ClInclude Include="..\..\source\CIInputController.h">
      <Filter>Header Files\Controller</Filter>
    </ClInclude>
    <ClInclude Include="..\..\source\CIMenuScene.h">
      <Filter>Header Files\Scene</Filter>
    </ClInclude>
    <ClInclude Include="..\..\source\CINetworkMessageManager.h">
      <Filter>Header Files\Network</Filter>
    </ClInclude>
    <ClInclude Include="..\..\source\CINetworkUtils.h">
      <Filter>Header Files\Network</Filter>
    </ClInclude>
    <ClInclude Include="..\..\source\CILocation.h">
      <Filter>Header Files\Enum</Filter>
    </ClInclude>
    <ClInclude Include="..\..\source\CIMenuState.h">
      <Filter>Header Files\Enum</Filter>
    </ClInclude>
    <ClInclude Include="..\..\source\CIOpponentNode.h">
      <Filter>Header Files\View</Filter>
    </ClInclude>
    <ClInclude Include="..\..\source\CIPlanetNode.h">
      <Filter>Header Files\View</Filter>
    </ClInclude>
    <ClInclude Include="..\..\source\CIStardustNode.h">
      <Filter>Header Files\View</Filter>
    </ClInclude>
    <ClInclude Include="..\..\source\CIStardustQueue.h">
      <Filter>Header Files\Model</Filter>
    </ClInclude>
    <ClInclude Include="..\..\source\CIColor.h">
      <Filter>Header Files\Enum</Filter>
    </ClInclude>
    <ClInclude Include="..\..\source\CIOpponentPlanet.h">
      <Filter>Header Files\Model</Filter>
    </ClInclude>
    <ClInclude Include="..\..\source\CIPlanetLayer.h">
      <Filter>Header Files\Model</Filter>
    </ClInclude>
    <ClInclude Include="..\..\source\CIJoinMenu.h">
      <Filter>Header Files\Scene\Menu</Filter>
    </ClInclude>
    <ClInclude Include="..\..\source\CILobbyMenu.h">
      <Filter>Header Files\Scene\Menu</Filter>
    </ClInclude>
    <ClInclude Include="..\..\source\CIMainMenu.h">
      <Filter>Header Files\Scene\Menu</Filter>
    </ClInclude>
    <ClInclude Include="..\..\source\CISettingsMenu.h">
      <Filter>Header Files\Scene\Menu</Filter>
    </ClInclude>
    <ClInclude Include="..\..\source\CITutorialMenu.h">
      <Filter>Header Files\Scene\Menu</Filter>
    </ClInclude>
    <ClInclude Include="..\..\source\CIWinScene.h">
      <Filter>Header Files\Scene</Filter>
    </ClInclude>
  </ItemGroup>
  <ItemGroup>
    <Image Include="icon1.ico">
      <Filter>Resource Files</Filter>
    </Image>
  </ItemGroup>
  <ItemGroup>
    <ResourceCompile Include="CoreImpact.rc">
      <Filter>Resource Files</Filter>
    </ResourceCompile>
  </ItemGroup>
  <ItemGroup>
    <ClCompile Include="..\..\source\CIApp.cpp">
      <Filter>Source Files</Filter>
    </ClCompile>
    <ClCompile Include="..\..\source\main.cpp">
      <Filter>Source Files</Filter>
    </ClCompile>
    <ClCompile Include="..\..\source\CIStardustModel.cpp">
      <Filter>Source Files\Model</Filter>
    </ClCompile>
    <ClCompile Include="..\..\source\CIPlanetModel.cpp">
      <Filter>Source Files\Model</Filter>
    </ClCompile>
    <ClCompile Include="..\..\source\CICollisionController.cpp">
      <Filter>Source Files\Controller</Filter>
    </ClCompile>
    <ClCompile Include="..\..\source\CILoadingScene.cpp">
      <Filter>Source Files\Scene</Filter>
    </ClCompile>
    <ClCompile Include="..\..\source\CIGameScene.cpp">
      <Filter>Source Files\Scene</Filter>
    </ClCompile>
    <ClCompile Include="..\..\source\CIGameUpdate.cpp">
      <Filter>Source Files</Filter>
    </ClCompile>
    <ClCompile Include="..\..\source\CIGameUpdateManager.cpp">
      <Filter>Source Files</Filter>
    </ClCompile>
    <ClCompile Include="..\..\source\CIInputController.cpp">
      <Filter>Source Files\Controller</Filter>
    </ClCompile>
    <ClCompile Include="..\..\source\CIOpponentPlanet.cpp">
      <Filter>Source Files\Model</Filter>
    </ClCompile>
    <ClCompile Include="..\..\source\CIStardustQueue.cpp">
      <Filter>Source Files\Model</Filter>
    </ClCompile>
    <ClCompile Include="..\..\source\CIOpponentNode.cpp">
      <Filter>Source Files\View</Filter>
    </ClCompile>
    <ClCompile Include="..\..\source\CIPlanetNode.cpp">
      <Filter>Source Files\View</Filter>
    </ClCompile>
    <ClCompile Include="..\..\source\CIStardustNode.cpp">
      <Filter>Source Files\View</Filter>
    </ClCompile>
    <ClCompile Include="..\..\source\CIGameUpdateManager.cpp">
      <Filter>Source Files\Network</Filter>
    </ClCompile>
    <ClCompile Include="..\..\source\CIGameUpdate.cpp">
      <Filter>Source Files\Network</Filter>
    </ClCompile>
    <ClCompile Include="..\..\source\CINetworkMessageManager.cpp">
      <Filter>Source Files\Network</Filter>
    </ClCompile>
    <ClCompile Include="..\..\source\CINetworkUtils.cpp">
      <Filter>Source Files\Network</Filter>
    </ClCompile>
    <ClCompile Include="..\..\source\CIJoinMenu.cpp">
      <Filter>Source Files\Scene\Menu</Filter>
    </ClCompile>
    <ClCompile Include="..\..\source\CILobbyMenu.cpp">
      <Filter>Source Files\Scene\Menu</Filter>
    </ClCompile>
    <ClCompile Include="..\..\source\CIMainMenu.cpp">
      <Filter>Source Files\Scene\Menu</Filter>
    </ClCompile>
    <ClCompile Include="..\..\source\CISettingsMenu.cpp">
      <Filter>Source Files\Scene\Menu</Filter>
    </ClCompile>
    <ClCompile Include="..\..\source\CITutorialMenu.cpp">
      <Filter>Source Files\Scene\Menu</Filter>
    </ClCompile>
    <ClCompile Include="..\..\source\CIMenuScene.cpp">
      <Filter>Source Files\Scene</Filter>
    </ClCompile>
    <ClCompile Include="..\..\source\CIWinScene.cpp">
      <Filter>Source Files\Scene</Filter>
    </ClCompile>
  </ItemGroup>
</Project>